// !$*UTF8*$!
{
	archiveVersion = 1;
	classes = {
	};
	objectVersion = 56;
	objects = {

/* Begin PBXBuildFile section */
		DF3D3C242969D01300CFCE49 /* MainTabBarCoordinator.swift in Sources */ = {isa = PBXBuildFile; fileRef = DF3D3C232969D01300CFCE49 /* MainTabBarCoordinator.swift */; };
		DF3D3C272969F61700CFCE49 /* OnboardingCoordinator.swift in Sources */ = {isa = PBXBuildFile; fileRef = DF3D3C262969F61700CFCE49 /* OnboardingCoordinator.swift */; };
		DF3D3C2A2969FD5F00CFCE49 /* OnboardingViewController.swift in Sources */ = {isa = PBXBuildFile; fileRef = DF3D3C292969FD5F00CFCE49 /* OnboardingViewController.swift */; };
		DF3D3C2C2969FD8A00CFCE49 /* OnboardingViewController.storyboard in Resources */ = {isa = PBXBuildFile; fileRef = DF3D3C2B2969FD8A00CFCE49 /* OnboardingViewController.storyboard */; };
		DF3D3C2E2969FE1700CFCE49 /* AuthorizationViewController.swift in Sources */ = {isa = PBXBuildFile; fileRef = DF3D3C2D2969FE1700CFCE49 /* AuthorizationViewController.swift */; };
		DF3D3C302969FE2B00CFCE49 /* AuthorizationViewController.storyboard in Resources */ = {isa = PBXBuildFile; fileRef = DF3D3C2F2969FE2B00CFCE49 /* AuthorizationViewController.storyboard */; };
		DF3D3C322969FF7B00CFCE49 /* AuthorizationCoordinator.swift in Sources */ = {isa = PBXBuildFile; fileRef = DF3D3C312969FF7B00CFCE49 /* AuthorizationCoordinator.swift */; };
		DF3D3C3C296A036700CFCE49 /* FirstPageViewController.swift in Sources */ = {isa = PBXBuildFile; fileRef = DF3D3C3B296A036700CFCE49 /* FirstPageViewController.swift */; };
		DF3D3C3E296A036F00CFCE49 /* FirstPageViewController.storyboard in Resources */ = {isa = PBXBuildFile; fileRef = DF3D3C3D296A036F00CFCE49 /* FirstPageViewController.storyboard */; };
		DF3D3C44296A042000CFCE49 /* SecondPageCoordinator.swift in Sources */ = {isa = PBXBuildFile; fileRef = DF3D3C43296A042000CFCE49 /* SecondPageCoordinator.swift */; };
		DF3D3C46296A042F00CFCE49 /* ThirdPageCoordinator.swift in Sources */ = {isa = PBXBuildFile; fileRef = DF3D3C45296A042F00CFCE49 /* ThirdPageCoordinator.swift */; };
		DF3D3C4A296A048500CFCE49 /* SecondPageViewController.storyboard in Resources */ = {isa = PBXBuildFile; fileRef = DF3D3C49296A048500CFCE49 /* SecondPageViewController.storyboard */; };
		DF3D3C4C296A051400CFCE49 /* ThirdPageViewController.swift in Sources */ = {isa = PBXBuildFile; fileRef = DF3D3C4B296A051400CFCE49 /* ThirdPageViewController.swift */; };
		DF3D3C4E296A052000CFCE49 /* ThirdPageViewController.storyboard in Resources */ = {isa = PBXBuildFile; fileRef = DF3D3C4D296A052000CFCE49 /* ThirdPageViewController.storyboard */; };
		DF3D3C4F296A058100CFCE49 /* FirstPageCoordinator.swift in Sources */ = {isa = PBXBuildFile; fileRef = DF3D3C37296A031F00CFCE49 /* FirstPageCoordinator.swift */; };
		DF3E2E90296A0E7800810694 /* MainTabBarController.swift in Sources */ = {isa = PBXBuildFile; fileRef = DF3E2E8F296A0E7800810694 /* MainTabBarController.swift */; };
		DF3E2E91296A0F3400810694 /* SecondPageViewController.swift in Sources */ = {isa = PBXBuildFile; fileRef = DF3D3C47296A045B00CFCE49 /* SecondPageViewController.swift */; };
		DF3E2E93296A15E500810694 /* FirstPageViewModel.swift in Sources */ = {isa = PBXBuildFile; fileRef = DF3E2E92296A15E500810694 /* FirstPageViewModel.swift */; };
		DF3E2E96296B237C00810694 /* FirstPageSubViewController.swift in Sources */ = {isa = PBXBuildFile; fileRef = DF3E2E95296B237C00810694 /* FirstPageSubViewController.swift */; };
		DF3E2E98296B238D00810694 /* FirstPageSubViewController.storyboard in Resources */ = {isa = PBXBuildFile; fileRef = DF3E2E97296B238D00810694 /* FirstPageSubViewController.storyboard */; };
		DF3E2E9A296B23AF00810694 /* FirstPageSubViewControllerViewModel.swift in Sources */ = {isa = PBXBuildFile; fileRef = DF3E2E99296B23AF00810694 /* FirstPageSubViewControllerViewModel.swift */; };
		DF4D3E2D29660FEB00070D79 /* AppCoordinator.swift in Sources */ = {isa = PBXBuildFile; fileRef = DF4D3E2C29660FEB00070D79 /* AppCoordinator.swift */; };
		DF75E44529341212005B249E /* AppDelegate.swift in Sources */ = {isa = PBXBuildFile; fileRef = DF75E44429341212005B249E /* AppDelegate.swift */; };
		DF75E44E29341214005B249E /* Assets.xcassets in Resources */ = {isa = PBXBuildFile; fileRef = DF75E44D29341214005B249E /* Assets.xcassets */; };
		DF75E45129341214005B249E /* LaunchScreen.storyboard in Resources */ = {isa = PBXBuildFile; fileRef = DF75E44F29341214005B249E /* LaunchScreen.storyboard */; };
		DF75E45C29341214005B249E /* SkylabTests.swift in Sources */ = {isa = PBXBuildFile; fileRef = DF75E45B29341214005B249E /* SkylabTests.swift */; };
		DF75E46629341214005B249E /* SkylabUITests.swift in Sources */ = {isa = PBXBuildFile; fileRef = DF75E46529341214005B249E /* SkylabUITests.swift */; };
		DF75E46829341214005B249E /* SkylabUITestsLaunchTests.swift in Sources */ = {isa = PBXBuildFile; fileRef = DF75E46729341214005B249E /* SkylabUITestsLaunchTests.swift */; };
		DFF23642294F69EE0009AF47 /* Coordinator.swift in Sources */ = {isa = PBXBuildFile; fileRef = DFF23641294F69EE0009AF47 /* Coordinator.swift */; };
		DFF23650294F6ED00009AF47 /* Storyboarded.swift in Sources */ = {isa = PBXBuildFile; fileRef = DFF2364F294F6ED00009AF47 /* Storyboarded.swift */; };
		DFF2365E294F73180009AF47 /* BaseViewController.swift in Sources */ = {isa = PBXBuildFile; fileRef = DFF2365D294F73180009AF47 /* BaseViewController.swift */; };
/* End PBXBuildFile section */

/* Begin PBXContainerItemProxy section */
		DF75E45829341214005B249E /* PBXContainerItemProxy */ = {
			isa = PBXContainerItemProxy;
			containerPortal = DF75E43929341212005B249E /* Project object */;
			proxyType = 1;
			remoteGlobalIDString = DF75E44029341212005B249E;
			remoteInfo = Skylab;
		};
		DF75E46229341214005B249E /* PBXContainerItemProxy */ = {
			isa = PBXContainerItemProxy;
			containerPortal = DF75E43929341212005B249E /* Project object */;
			proxyType = 1;
			remoteGlobalIDString = DF75E44029341212005B249E;
			remoteInfo = Skylab;
		};
/* End PBXContainerItemProxy section */

/* Begin PBXFileReference section */
		DF3D3C232969D01300CFCE49 /* MainTabBarCoordinator.swift */ = {isa = PBXFileReference; lastKnownFileType = sourcecode.swift; path = MainTabBarCoordinator.swift; sourceTree = "<group>"; };
		DF3D3C262969F61700CFCE49 /* OnboardingCoordinator.swift */ = {isa = PBXFileReference; lastKnownFileType = sourcecode.swift; path = OnboardingCoordinator.swift; sourceTree = "<group>"; };
		DF3D3C292969FD5F00CFCE49 /* OnboardingViewController.swift */ = {isa = PBXFileReference; lastKnownFileType = sourcecode.swift; path = OnboardingViewController.swift; sourceTree = "<group>"; };
		DF3D3C2B2969FD8A00CFCE49 /* OnboardingViewController.storyboard */ = {isa = PBXFileReference; lastKnownFileType = file.storyboard; path = OnboardingViewController.storyboard; sourceTree = "<group>"; };
		DF3D3C2D2969FE1700CFCE49 /* AuthorizationViewController.swift */ = {isa = PBXFileReference; lastKnownFileType = sourcecode.swift; path = AuthorizationViewController.swift; sourceTree = "<group>"; };
		DF3D3C2F2969FE2B00CFCE49 /* AuthorizationViewController.storyboard */ = {isa = PBXFileReference; lastKnownFileType = file.storyboard; path = AuthorizationViewController.storyboard; sourceTree = "<group>"; };
		DF3D3C312969FF7B00CFCE49 /* AuthorizationCoordinator.swift */ = {isa = PBXFileReference; lastKnownFileType = sourcecode.swift; path = AuthorizationCoordinator.swift; sourceTree = "<group>"; };
		DF3D3C37296A031F00CFCE49 /* FirstPageCoordinator.swift */ = {isa = PBXFileReference; lastKnownFileType = sourcecode.swift; path = FirstPageCoordinator.swift; sourceTree = "<group>"; };
		DF3D3C3B296A036700CFCE49 /* FirstPageViewController.swift */ = {isa = PBXFileReference; lastKnownFileType = sourcecode.swift; path = FirstPageViewController.swift; sourceTree = "<group>"; };
		DF3D3C3D296A036F00CFCE49 /* FirstPageViewController.storyboard */ = {isa = PBXFileReference; lastKnownFileType = file.storyboard; path = FirstPageViewController.storyboard; sourceTree = "<group>"; };
		DF3D3C43296A042000CFCE49 /* SecondPageCoordinator.swift */ = {isa = PBXFileReference; lastKnownFileType = sourcecode.swift; path = SecondPageCoordinator.swift; sourceTree = "<group>"; };
		DF3D3C45296A042F00CFCE49 /* ThirdPageCoordinator.swift */ = {isa = PBXFileReference; lastKnownFileType = sourcecode.swift; path = ThirdPageCoordinator.swift; sourceTree = "<group>"; };
		DF3D3C47296A045B00CFCE49 /* SecondPageViewController.swift */ = {isa = PBXFileReference; lastKnownFileType = sourcecode.swift; path = SecondPageViewController.swift; sourceTree = "<group>"; };
		DF3D3C49296A048500CFCE49 /* SecondPageViewController.storyboard */ = {isa = PBXFileReference; lastKnownFileType = file.storyboard; path = SecondPageViewController.storyboard; sourceTree = "<group>"; };
		DF3D3C4B296A051400CFCE49 /* ThirdPageViewController.swift */ = {isa = PBXFileReference; lastKnownFileType = sourcecode.swift; path = ThirdPageViewController.swift; sourceTree = "<group>"; };
		DF3D3C4D296A052000CFCE49 /* ThirdPageViewController.storyboard */ = {isa = PBXFileReference; lastKnownFileType = file.storyboard; path = ThirdPageViewController.storyboard; sourceTree = "<group>"; };
		DF3E2E8F296A0E7800810694 /* MainTabBarController.swift */ = {isa = PBXFileReference; lastKnownFileType = sourcecode.swift; path = MainTabBarController.swift; sourceTree = "<group>"; };
		DF3E2E92296A15E500810694 /* FirstPageViewModel.swift */ = {isa = PBXFileReference; lastKnownFileType = sourcecode.swift; path = FirstPageViewModel.swift; sourceTree = "<group>"; };
		DF3E2E95296B237C00810694 /* FirstPageSubViewController.swift */ = {isa = PBXFileReference; lastKnownFileType = sourcecode.swift; path = FirstPageSubViewController.swift; sourceTree = "<group>"; };
		DF3E2E97296B238D00810694 /* FirstPageSubViewController.storyboard */ = {isa = PBXFileReference; lastKnownFileType = file.storyboard; path = FirstPageSubViewController.storyboard; sourceTree = "<group>"; };
		DF3E2E99296B23AF00810694 /* FirstPageSubViewControllerViewModel.swift */ = {isa = PBXFileReference; lastKnownFileType = sourcecode.swift; path = FirstPageSubViewControllerViewModel.swift; sourceTree = "<group>"; };
		DF4D3E2C29660FEB00070D79 /* AppCoordinator.swift */ = {isa = PBXFileReference; lastKnownFileType = sourcecode.swift; path = AppCoordinator.swift; sourceTree = "<group>"; };
		DF75E44129341212005B249E /* Skylab.app */ = {isa = PBXFileReference; explicitFileType = wrapper.application; includeInIndex = 0; path = Skylab.app; sourceTree = BUILT_PRODUCTS_DIR; };
		DF75E44429341212005B249E /* AppDelegate.swift */ = {isa = PBXFileReference; lastKnownFileType = sourcecode.swift; path = AppDelegate.swift; sourceTree = "<group>"; };
		DF75E44D29341214005B249E /* Assets.xcassets */ = {isa = PBXFileReference; lastKnownFileType = folder.assetcatalog; path = Assets.xcassets; sourceTree = "<group>"; };
		DF75E45029341214005B249E /* Base */ = {isa = PBXFileReference; lastKnownFileType = file.storyboard; name = Base; path = Base.lproj/LaunchScreen.storyboard; sourceTree = "<group>"; };
		DF75E45229341214005B249E /* Info.plist */ = {isa = PBXFileReference; lastKnownFileType = text.plist.xml; path = Info.plist; sourceTree = "<group>"; };
		DF75E45729341214005B249E /* SkylabTests.xctest */ = {isa = PBXFileReference; explicitFileType = wrapper.cfbundle; includeInIndex = 0; path = SkylabTests.xctest; sourceTree = BUILT_PRODUCTS_DIR; };
		DF75E45B29341214005B249E /* SkylabTests.swift */ = {isa = PBXFileReference; lastKnownFileType = sourcecode.swift; path = SkylabTests.swift; sourceTree = "<group>"; };
		DF75E46129341214005B249E /* SkylabUITests.xctest */ = {isa = PBXFileReference; explicitFileType = wrapper.cfbundle; includeInIndex = 0; path = SkylabUITests.xctest; sourceTree = BUILT_PRODUCTS_DIR; };
		DF75E46529341214005B249E /* SkylabUITests.swift */ = {isa = PBXFileReference; lastKnownFileType = sourcecode.swift; path = SkylabUITests.swift; sourceTree = "<group>"; };
		DF75E46729341214005B249E /* SkylabUITestsLaunchTests.swift */ = {isa = PBXFileReference; lastKnownFileType = sourcecode.swift; path = SkylabUITestsLaunchTests.swift; sourceTree = "<group>"; };
		DFF23641294F69EE0009AF47 /* Coordinator.swift */ = {isa = PBXFileReference; lastKnownFileType = sourcecode.swift; path = Coordinator.swift; sourceTree = "<group>"; };
		DFF2364F294F6ED00009AF47 /* Storyboarded.swift */ = {isa = PBXFileReference; lastKnownFileType = sourcecode.swift; path = Storyboarded.swift; sourceTree = "<group>"; };
		DFF2365D294F73180009AF47 /* BaseViewController.swift */ = {isa = PBXFileReference; lastKnownFileType = sourcecode.swift; path = BaseViewController.swift; sourceTree = "<group>"; };
/* End PBXFileReference section */

/* Begin PBXFrameworksBuildPhase section */
		DF75E43E29341212005B249E /* Frameworks */ = {
			isa = PBXFrameworksBuildPhase;
			buildActionMask = 2147483647;
			files = (
			);
			runOnlyForDeploymentPostprocessing = 0;
		};
		DF75E45429341214005B249E /* Frameworks */ = {
			isa = PBXFrameworksBuildPhase;
			buildActionMask = 2147483647;
			files = (
			);
			runOnlyForDeploymentPostprocessing = 0;
		};
		DF75E45E29341214005B249E /* Frameworks */ = {
			isa = PBXFrameworksBuildPhase;
			buildActionMask = 2147483647;
			files = (
			);
			runOnlyForDeploymentPostprocessing = 0;
		};
/* End PBXFrameworksBuildPhase section */

/* Begin PBXGroup section */
		DF3D3C202969C95700CFCE49 /* ThirdPageScene */ = {
			isa = PBXGroup;
			children = (
				DF3D3C45296A042F00CFCE49 /* ThirdPageCoordinator.swift */,
				DF3D3C42296A040400CFCE49 /* ViewModels */,
				DF3D3C41296A03FD00CFCE49 /* ViewControllers */,
			);
			path = ThirdPageScene;
			sourceTree = "<group>";
		};
		DF3D3C212969C96D00CFCE49 /* FirstPageScene */ = {
			isa = PBXGroup;
			children = (
				DF3D3C37296A031F00CFCE49 /* FirstPageCoordinator.swift */,
				DF3D3C3A296A034C00CFCE49 /* ViewModels */,
				DF3D3C39296A033A00CFCE49 /* ViewControllers */,
			);
			path = FirstPageScene;
			sourceTree = "<group>";
		};
		DF3D3C222969C99900CFCE49 /* SecondPageScene */ = {
			isa = PBXGroup;
			children = (
				DF3D3C43296A042000CFCE49 /* SecondPageCoordinator.swift */,
				DF3D3C40296A03F700CFCE49 /* ViewModels */,
				DF3D3C3F296A03EE00CFCE49 /* ViewControllers */,
			);
			path = SecondPageScene;
			sourceTree = "<group>";
		};
		DF3D3C252969F59A00CFCE49 /* AuthorizationScene */ = {
			isa = PBXGroup;
			children = (
				DF3D3C312969FF7B00CFCE49 /* AuthorizationCoordinator.swift */,
				DF3D3C342969FF8F00CFCE49 /* ViewControllers */,
				DF3D3C332969FF8600CFCE49 /* ViewModels */,
			);
			path = AuthorizationScene;
			sourceTree = "<group>";
		};
		DF3D3C282969F62A00CFCE49 /* OnboardingScene */ = {
			isa = PBXGroup;
			children = (
				DF3D3C262969F61700CFCE49 /* OnboardingCoordinator.swift */,
				DF3D3C362969FFAF00CFCE49 /* ViewControllers */,
				DF3D3C352969FFA800CFCE49 /* ViewModels */,
			);
			path = OnboardingScene;
			sourceTree = "<group>";
		};
		DF3D3C332969FF8600CFCE49 /* ViewModels */ = {
			isa = PBXGroup;
			children = (
			);
			path = ViewModels;
			sourceTree = "<group>";
		};
		DF3D3C342969FF8F00CFCE49 /* ViewControllers */ = {
			isa = PBXGroup;
			children = (
				DF3D3C2D2969FE1700CFCE49 /* AuthorizationViewController.swift */,
				DF3D3C2F2969FE2B00CFCE49 /* AuthorizationViewController.storyboard */,
			);
			path = ViewControllers;
			sourceTree = "<group>";
		};
		DF3D3C352969FFA800CFCE49 /* ViewModels */ = {
			isa = PBXGroup;
			children = (
			);
			path = ViewModels;
			sourceTree = "<group>";
		};
		DF3D3C362969FFAF00CFCE49 /* ViewControllers */ = {
			isa = PBXGroup;
			children = (
				DF3D3C292969FD5F00CFCE49 /* OnboardingViewController.swift */,
				DF3D3C2B2969FD8A00CFCE49 /* OnboardingViewController.storyboard */,
			);
			path = ViewControllers;
			sourceTree = "<group>";
		};
		DF3D3C39296A033A00CFCE49 /* ViewControllers */ = {
			isa = PBXGroup;
			children = (
				DF3E2E94296B234800810694 /* FirstPageSubcontroller */,
				DF3D3C3B296A036700CFCE49 /* FirstPageViewController.swift */,
				DF3D3C3D296A036F00CFCE49 /* FirstPageViewController.storyboard */,
			);
			path = ViewControllers;
			sourceTree = "<group>";
		};
		DF3D3C3A296A034C00CFCE49 /* ViewModels */ = {
			isa = PBXGroup;
			children = (
				DF3E2E92296A15E500810694 /* FirstPageViewModel.swift */,
				DF3E2E99296B23AF00810694 /* FirstPageSubViewControllerViewModel.swift */,
			);
			path = ViewModels;
			sourceTree = "<group>";
		};
		DF3D3C3F296A03EE00CFCE49 /* ViewControllers */ = {
			isa = PBXGroup;
			children = (
				DF3D3C47296A045B00CFCE49 /* SecondPageViewController.swift */,
				DF3D3C49296A048500CFCE49 /* SecondPageViewController.storyboard */,
			);
			path = ViewControllers;
			sourceTree = "<group>";
		};
		DF3D3C40296A03F700CFCE49 /* ViewModels */ = {
			isa = PBXGroup;
			children = (
			);
			path = ViewModels;
			sourceTree = "<group>";
		};
		DF3D3C41296A03FD00CFCE49 /* ViewControllers */ = {
			isa = PBXGroup;
			children = (
				DF3D3C4B296A051400CFCE49 /* ThirdPageViewController.swift */,
				DF3D3C4D296A052000CFCE49 /* ThirdPageViewController.storyboard */,
			);
			path = ViewControllers;
			sourceTree = "<group>";
		};
		DF3D3C42296A040400CFCE49 /* ViewModels */ = {
			isa = PBXGroup;
			children = (
			);
			path = ViewModels;
			sourceTree = "<group>";
		};
		DF3E2E8E296A0E4900810694 /* TabBar */ = {
			isa = PBXGroup;
			children = (
				DF3D3C232969D01300CFCE49 /* MainTabBarCoordinator.swift */,
				DF3E2E8F296A0E7800810694 /* MainTabBarController.swift */,
			);
			path = TabBar;
			sourceTree = "<group>";
		};
		DF3E2E94296B234800810694 /* FirstPageSubcontroller */ = {
			isa = PBXGroup;
			children = (
				DF3E2E95296B237C00810694 /* FirstPageSubViewController.swift */,
				DF3E2E97296B238D00810694 /* FirstPageSubViewController.storyboard */,
			);
			path = FirstPageSubcontroller;
			sourceTree = "<group>";
		};
		DF4D3E222966004600070D79 /* Examples */ = {
			isa = PBXGroup;
			children = (
			);
			path = Examples;
			sourceTree = "<group>";
		};
		DF4D3E24296600A000070D79 /* Base */ = {
			isa = PBXGroup;
			children = (
				DFF2365D294F73180009AF47 /* BaseViewController.swift */,
			);
			path = Base;
			sourceTree = "<group>";
		};
		DF75E43829341212005B249E = {
			isa = PBXGroup;
			children = (
				DF75E44329341212005B249E /* Skylab */,
				DF75E45A29341214005B249E /* SkylabTests */,
				DF75E46429341214005B249E /* SkylabUITests */,
				DF75E44229341212005B249E /* Products */,
			);
			sourceTree = "<group>";
		};
		DF75E44229341212005B249E /* Products */ = {
			isa = PBXGroup;
			children = (
				DF75E44129341212005B249E /* Skylab.app */,
				DF75E45729341214005B249E /* SkylabTests.xctest */,
				DF75E46129341214005B249E /* SkylabUITests.xctest */,
			);
			name = Products;
			sourceTree = "<group>";
		};
		DF75E44329341212005B249E /* Skylab */ = {
			isa = PBXGroup;
			children = (
				DFF2364E294F6E650009AF47 /* Scenes */,
				DFF2364B294F6D4F0009AF47 /* Extensions */,
				DF4D3E24296600A000070D79 /* Base */,
				DFF23643294F6A4C0009AF47 /* Common */,
				DF4D3E222966004600070D79 /* Examples */,
				DF75E44429341212005B249E /* AppDelegate.swift */,
				DF75E44D29341214005B249E /* Assets.xcassets */,
				DF75E45229341214005B249E /* Info.plist */,
			);
			path = Skylab;
			sourceTree = "<group>";
		};
		DF75E45A29341214005B249E /* SkylabTests */ = {
			isa = PBXGroup;
			children = (
				DF75E45B29341214005B249E /* SkylabTests.swift */,
			);
			path = SkylabTests;
			sourceTree = "<group>";
		};
		DF75E46429341214005B249E /* SkylabUITests */ = {
			isa = PBXGroup;
			children = (
				DF75E46529341214005B249E /* SkylabUITests.swift */,
				DF75E46729341214005B249E /* SkylabUITestsLaunchTests.swift */,
			);
			path = SkylabUITests;
			sourceTree = "<group>";
		};
		DFF23643294F6A4C0009AF47 /* Common */ = {
			isa = PBXGroup;
			children = (
				DFF2364F294F6ED00009AF47 /* Storyboarded.swift */,
			);
			path = Common;
			sourceTree = "<group>";
		};
		DFF2364B294F6D4F0009AF47 /* Extensions */ = {
			isa = PBXGroup;
			children = (
			);
			path = Extensions;
			sourceTree = "<group>";
		};
		DFF2364E294F6E650009AF47 /* Scenes */ = {
			isa = PBXGroup;
			children = (
				DF75E44F29341214005B249E /* LaunchScreen.storyboard */,
				DFF23641294F69EE0009AF47 /* Coordinator.swift */,
				DF4D3E2C29660FEB00070D79 /* AppCoordinator.swift */,
				DF3E2E8E296A0E4900810694 /* TabBar */,
				DF3D3C282969F62A00CFCE49 /* OnboardingScene */,
				DF3D3C252969F59A00CFCE49 /* AuthorizationScene */,
				DF3D3C212969C96D00CFCE49 /* FirstPageScene */,
				DF3D3C222969C99900CFCE49 /* SecondPageScene */,
				DF3D3C202969C95700CFCE49 /* ThirdPageScene */,
			);
			path = Scenes;
			sourceTree = "<group>";
		};
/* End PBXGroup section */

/* Begin PBXNativeTarget section */
		DF75E44029341212005B249E /* Skylab */ = {
			isa = PBXNativeTarget;
			buildConfigurationList = DF75E46B29341214005B249E /* Build configuration list for PBXNativeTarget "Skylab" */;
			buildPhases = (
				DF75E43D29341212005B249E /* Sources */,
				DF75E43E29341212005B249E /* Frameworks */,
				DF75E43F29341212005B249E /* Resources */,
			);
			buildRules = (
			);
			dependencies = (
			);
			name = Skylab;
			productName = Skylab;
			productReference = DF75E44129341212005B249E /* Skylab.app */;
			productType = "com.apple.product-type.application";
		};
		DF75E45629341214005B249E /* SkylabTests */ = {
			isa = PBXNativeTarget;
			buildConfigurationList = DF75E46E29341214005B249E /* Build configuration list for PBXNativeTarget "SkylabTests" */;
			buildPhases = (
				DF75E45329341214005B249E /* Sources */,
				DF75E45429341214005B249E /* Frameworks */,
				DF75E45529341214005B249E /* Resources */,
			);
			buildRules = (
			);
			dependencies = (
				DF75E45929341214005B249E /* PBXTargetDependency */,
			);
			name = SkylabTests;
			productName = SkylabTests;
			productReference = DF75E45729341214005B249E /* SkylabTests.xctest */;
			productType = "com.apple.product-type.bundle.unit-test";
		};
		DF75E46029341214005B249E /* SkylabUITests */ = {
			isa = PBXNativeTarget;
			buildConfigurationList = DF75E47129341214005B249E /* Build configuration list for PBXNativeTarget "SkylabUITests" */;
			buildPhases = (
				DF75E45D29341214005B249E /* Sources */,
				DF75E45E29341214005B249E /* Frameworks */,
				DF75E45F29341214005B249E /* Resources */,
			);
			buildRules = (
			);
			dependencies = (
				DF75E46329341214005B249E /* PBXTargetDependency */,
			);
			name = SkylabUITests;
			productName = SkylabUITests;
			productReference = DF75E46129341214005B249E /* SkylabUITests.xctest */;
			productType = "com.apple.product-type.bundle.ui-testing";
		};
/* End PBXNativeTarget section */

/* Begin PBXProject section */
		DF75E43929341212005B249E /* Project object */ = {
			isa = PBXProject;
			attributes = {
				BuildIndependentTargetsInParallel = 1;
				LastSwiftUpdateCheck = 1400;
				LastUpgradeCheck = 1400;
				TargetAttributes = {
					DF75E44029341212005B249E = {
						CreatedOnToolsVersion = 14.0;
					};
					DF75E45629341214005B249E = {
						CreatedOnToolsVersion = 14.0;
						TestTargetID = DF75E44029341212005B249E;
					};
					DF75E46029341214005B249E = {
						CreatedOnToolsVersion = 14.0;
						TestTargetID = DF75E44029341212005B249E;
					};
				};
			};
			buildConfigurationList = DF75E43C29341212005B249E /* Build configuration list for PBXProject "Skylab" */;
			compatibilityVersion = "Xcode 14.0";
			developmentRegion = en;
			hasScannedForEncodings = 0;
			knownRegions = (
				en,
				Base,
			);
			mainGroup = DF75E43829341212005B249E;
			productRefGroup = DF75E44229341212005B249E /* Products */;
			projectDirPath = "";
			projectRoot = "";
			targets = (
				DF75E44029341212005B249E /* Skylab */,
				DF75E45629341214005B249E /* SkylabTests */,
				DF75E46029341214005B249E /* SkylabUITests */,
			);
		};
/* End PBXProject section */

/* Begin PBXResourcesBuildPhase section */
		DF75E43F29341212005B249E /* Resources */ = {
			isa = PBXResourcesBuildPhase;
			buildActionMask = 2147483647;
			files = (
				DF3D3C2C2969FD8A00CFCE49 /* OnboardingViewController.storyboard in Resources */,
				DF3D3C3E296A036F00CFCE49 /* FirstPageViewController.storyboard in Resources */,
				DF3E2E98296B238D00810694 /* FirstPageSubViewController.storyboard in Resources */,
				DF75E45129341214005B249E /* LaunchScreen.storyboard in Resources */,
				DF3D3C302969FE2B00CFCE49 /* AuthorizationViewController.storyboard in Resources */,
				DF75E44E29341214005B249E /* Assets.xcassets in Resources */,
				DF3D3C4E296A052000CFCE49 /* ThirdPageViewController.storyboard in Resources */,
				DF3D3C4A296A048500CFCE49 /* SecondPageViewController.storyboard in Resources */,
			);
			runOnlyForDeploymentPostprocessing = 0;
		};
		DF75E45529341214005B249E /* Resources */ = {
			isa = PBXResourcesBuildPhase;
			buildActionMask = 2147483647;
			files = (
			);
			runOnlyForDeploymentPostprocessing = 0;
		};
		DF75E45F29341214005B249E /* Resources */ = {
			isa = PBXResourcesBuildPhase;
			buildActionMask = 2147483647;
			files = (
			);
			runOnlyForDeploymentPostprocessing = 0;
		};
/* End PBXResourcesBuildPhase section */

/* Begin PBXSourcesBuildPhase section */
		DF75E43D29341212005B249E /* Sources */ = {
			isa = PBXSourcesBuildPhase;
			buildActionMask = 2147483647;
			files = (
				DF3D3C2E2969FE1700CFCE49 /* AuthorizationViewController.swift in Sources */,
				DFF2365E294F73180009AF47 /* BaseViewController.swift in Sources */,
				DF3E2E96296B237C00810694 /* FirstPageSubViewController.swift in Sources */,
				DF3D3C3C296A036700CFCE49 /* FirstPageViewController.swift in Sources */,
				DF3E2E93296A15E500810694 /* FirstPageViewModel.swift in Sources */,
				DF3D3C4F296A058100CFCE49 /* FirstPageCoordinator.swift in Sources */,
				DF3D3C46296A042F00CFCE49 /* ThirdPageCoordinator.swift in Sources */,
				DF3D3C2A2969FD5F00CFCE49 /* OnboardingViewController.swift in Sources */,
				DF4D3E2D29660FEB00070D79 /* AppCoordinator.swift in Sources */,
				DF3D3C44296A042000CFCE49 /* SecondPageCoordinator.swift in Sources */,
				DF3D3C4C296A051400CFCE49 /* ThirdPageViewController.swift in Sources */,
				DF75E44529341212005B249E /* AppDelegate.swift in Sources */,
				DF3E2E91296A0F3400810694 /* SecondPageViewController.swift in Sources */,
				DF3D3C242969D01300CFCE49 /* MainTabBarCoordinator.swift in Sources */,
				DFF23650294F6ED00009AF47 /* Storyboarded.swift in Sources */,
				DFF23642294F69EE0009AF47 /* Coordinator.swift in Sources */,
				DF3E2E90296A0E7800810694 /* MainTabBarController.swift in Sources */,
				DF3D3C272969F61700CFCE49 /* OnboardingCoordinator.swift in Sources */,
				DF3E2E9A296B23AF00810694 /* FirstPageSubViewControllerViewModel.swift in Sources */,
				DF3D3C322969FF7B00CFCE49 /* AuthorizationCoordinator.swift in Sources */,
			);
			runOnlyForDeploymentPostprocessing = 0;
		};
		DF75E45329341214005B249E /* Sources */ = {
			isa = PBXSourcesBuildPhase;
			buildActionMask = 2147483647;
			files = (
				DF75E45C29341214005B249E /* SkylabTests.swift in Sources */,
			);
			runOnlyForDeploymentPostprocessing = 0;
		};
		DF75E45D29341214005B249E /* Sources */ = {
			isa = PBXSourcesBuildPhase;
			buildActionMask = 2147483647;
			files = (
				DF75E46829341214005B249E /* SkylabUITestsLaunchTests.swift in Sources */,
				DF75E46629341214005B249E /* SkylabUITests.swift in Sources */,
			);
			runOnlyForDeploymentPostprocessing = 0;
		};
/* End PBXSourcesBuildPhase section */

/* Begin PBXTargetDependency section */
		DF75E45929341214005B249E /* PBXTargetDependency */ = {
			isa = PBXTargetDependency;
			target = DF75E44029341212005B249E /* Skylab */;
			targetProxy = DF75E45829341214005B249E /* PBXContainerItemProxy */;
		};
		DF75E46329341214005B249E /* PBXTargetDependency */ = {
			isa = PBXTargetDependency;
			target = DF75E44029341212005B249E /* Skylab */;
			targetProxy = DF75E46229341214005B249E /* PBXContainerItemProxy */;
		};
/* End PBXTargetDependency section */

/* Begin PBXVariantGroup section */
		DF75E44F29341214005B249E /* LaunchScreen.storyboard */ = {
			isa = PBXVariantGroup;
			children = (
				DF75E45029341214005B249E /* Base */,
			);
			name = LaunchScreen.storyboard;
			sourceTree = "<group>";
		};
/* End PBXVariantGroup section */

/* Begin XCBuildConfiguration section */
		DF75E46929341214005B249E /* Debug */ = {
			isa = XCBuildConfiguration;
			buildSettings = {
				ALWAYS_SEARCH_USER_PATHS = NO;
				CLANG_ANALYZER_NONNULL = YES;
				CLANG_ANALYZER_NUMBER_OBJECT_CONVERSION = YES_AGGRESSIVE;
				CLANG_CXX_LANGUAGE_STANDARD = "gnu++20";
				CLANG_ENABLE_MODULES = YES;
				CLANG_ENABLE_OBJC_ARC = YES;
				CLANG_ENABLE_OBJC_WEAK = YES;
				CLANG_WARN_BLOCK_CAPTURE_AUTORELEASING = YES;
				CLANG_WARN_BOOL_CONVERSION = YES;
				CLANG_WARN_COMMA = YES;
				CLANG_WARN_CONSTANT_CONVERSION = YES;
				CLANG_WARN_DEPRECATED_OBJC_IMPLEMENTATIONS = YES;
				CLANG_WARN_DIRECT_OBJC_ISA_USAGE = YES_ERROR;
				CLANG_WARN_DOCUMENTATION_COMMENTS = YES;
				CLANG_WARN_EMPTY_BODY = YES;
				CLANG_WARN_ENUM_CONVERSION = YES;
				CLANG_WARN_INFINITE_RECURSION = YES;
				CLANG_WARN_INT_CONVERSION = YES;
				CLANG_WARN_NON_LITERAL_NULL_CONVERSION = YES;
				CLANG_WARN_OBJC_IMPLICIT_RETAIN_SELF = YES;
				CLANG_WARN_OBJC_LITERAL_CONVERSION = YES;
				CLANG_WARN_OBJC_ROOT_CLASS = YES_ERROR;
				CLANG_WARN_QUOTED_INCLUDE_IN_FRAMEWORK_HEADER = YES;
				CLANG_WARN_RANGE_LOOP_ANALYSIS = YES;
				CLANG_WARN_STRICT_PROTOTYPES = YES;
				CLANG_WARN_SUSPICIOUS_MOVE = YES;
				CLANG_WARN_UNGUARDED_AVAILABILITY = YES_AGGRESSIVE;
				CLANG_WARN_UNREACHABLE_CODE = YES;
				CLANG_WARN__DUPLICATE_METHOD_MATCH = YES;
				COPY_PHASE_STRIP = NO;
				DEBUG_INFORMATION_FORMAT = dwarf;
				ENABLE_STRICT_OBJC_MSGSEND = YES;
				ENABLE_TESTABILITY = YES;
				GCC_C_LANGUAGE_STANDARD = gnu11;
				GCC_DYNAMIC_NO_PIC = NO;
				GCC_NO_COMMON_BLOCKS = YES;
				GCC_OPTIMIZATION_LEVEL = 0;
				GCC_PREPROCESSOR_DEFINITIONS = (
					"DEBUG=1",
					"$(inherited)",
				);
				GCC_WARN_64_TO_32_BIT_CONVERSION = YES;
				GCC_WARN_ABOUT_RETURN_TYPE = YES_ERROR;
				GCC_WARN_UNDECLARED_SELECTOR = YES;
				GCC_WARN_UNINITIALIZED_AUTOS = YES_AGGRESSIVE;
				GCC_WARN_UNUSED_FUNCTION = YES;
				GCC_WARN_UNUSED_VARIABLE = YES;
				IPHONEOS_DEPLOYMENT_TARGET = 16.0;
				MTL_ENABLE_DEBUG_INFO = INCLUDE_SOURCE;
				MTL_FAST_MATH = YES;
				ONLY_ACTIVE_ARCH = YES;
				SDKROOT = iphoneos;
				SWIFT_ACTIVE_COMPILATION_CONDITIONS = DEBUG;
				SWIFT_OPTIMIZATION_LEVEL = "-Onone";
			};
			name = Debug;
		};
		DF75E46A29341214005B249E /* Release */ = {
			isa = XCBuildConfiguration;
			buildSettings = {
				ALWAYS_SEARCH_USER_PATHS = NO;
				CLANG_ANALYZER_NONNULL = YES;
				CLANG_ANALYZER_NUMBER_OBJECT_CONVERSION = YES_AGGRESSIVE;
				CLANG_CXX_LANGUAGE_STANDARD = "gnu++20";
				CLANG_ENABLE_MODULES = YES;
				CLANG_ENABLE_OBJC_ARC = YES;
				CLANG_ENABLE_OBJC_WEAK = YES;
				CLANG_WARN_BLOCK_CAPTURE_AUTORELEASING = YES;
				CLANG_WARN_BOOL_CONVERSION = YES;
				CLANG_WARN_COMMA = YES;
				CLANG_WARN_CONSTANT_CONVERSION = YES;
				CLANG_WARN_DEPRECATED_OBJC_IMPLEMENTATIONS = YES;
				CLANG_WARN_DIRECT_OBJC_ISA_USAGE = YES_ERROR;
				CLANG_WARN_DOCUMENTATION_COMMENTS = YES;
				CLANG_WARN_EMPTY_BODY = YES;
				CLANG_WARN_ENUM_CONVERSION = YES;
				CLANG_WARN_INFINITE_RECURSION = YES;
				CLANG_WARN_INT_CONVERSION = YES;
				CLANG_WARN_NON_LITERAL_NULL_CONVERSION = YES;
				CLANG_WARN_OBJC_IMPLICIT_RETAIN_SELF = YES;
				CLANG_WARN_OBJC_LITERAL_CONVERSION = YES;
				CLANG_WARN_OBJC_ROOT_CLASS = YES_ERROR;
				CLANG_WARN_QUOTED_INCLUDE_IN_FRAMEWORK_HEADER = YES;
				CLANG_WARN_RANGE_LOOP_ANALYSIS = YES;
				CLANG_WARN_STRICT_PROTOTYPES = YES;
				CLANG_WARN_SUSPICIOUS_MOVE = YES;
				CLANG_WARN_UNGUARDED_AVAILABILITY = YES_AGGRESSIVE;
				CLANG_WARN_UNREACHABLE_CODE = YES;
				CLANG_WARN__DUPLICATE_METHOD_MATCH = YES;
				COPY_PHASE_STRIP = NO;
				DEBUG_INFORMATION_FORMAT = "dwarf-with-dsym";
				ENABLE_NS_ASSERTIONS = NO;
				ENABLE_STRICT_OBJC_MSGSEND = YES;
				GCC_C_LANGUAGE_STANDARD = gnu11;
				GCC_NO_COMMON_BLOCKS = YES;
				GCC_WARN_64_TO_32_BIT_CONVERSION = YES;
				GCC_WARN_ABOUT_RETURN_TYPE = YES_ERROR;
				GCC_WARN_UNDECLARED_SELECTOR = YES;
				GCC_WARN_UNINITIALIZED_AUTOS = YES_AGGRESSIVE;
				GCC_WARN_UNUSED_FUNCTION = YES;
				GCC_WARN_UNUSED_VARIABLE = YES;
				IPHONEOS_DEPLOYMENT_TARGET = 16.0;
				MTL_ENABLE_DEBUG_INFO = NO;
				MTL_FAST_MATH = YES;
				SDKROOT = iphoneos;
				SWIFT_COMPILATION_MODE = wholemodule;
				SWIFT_OPTIMIZATION_LEVEL = "-O";
				VALIDATE_PRODUCT = YES;
			};
			name = Release;
		};
		DF75E46C29341214005B249E /* Debug */ = {
			isa = XCBuildConfiguration;
			buildSettings = {
				ASSETCATALOG_COMPILER_APPICON_NAME = AppIcon;
				ASSETCATALOG_COMPILER_GLOBAL_ACCENT_COLOR_NAME = AccentColor;
				CODE_SIGN_STYLE = Automatic;
				CURRENT_PROJECT_VERSION = 1;
				DEVELOPMENT_TEAM = 62VCSAZRF3;
				GENERATE_INFOPLIST_FILE = YES;
				INFOPLIST_FILE = Skylab/Info.plist;
				INFOPLIST_KEY_UIApplicationSupportsIndirectInputEvents = YES;
				INFOPLIST_KEY_UILaunchStoryboardName = LaunchScreen;
				INFOPLIST_KEY_UISupportedInterfaceOrientations = UIInterfaceOrientationPortrait;
				IPHONEOS_DEPLOYMENT_TARGET = 14.0;
				LD_RUNPATH_SEARCH_PATHS = (
					"$(inherited)",
					"@executable_path/Frameworks",
				);
				MARKETING_VERSION = 1.0;
				PRODUCT_BUNDLE_IDENTIFIER = "skylab-main.Skylab";
				PRODUCT_NAME = "$(TARGET_NAME)";
				SWIFT_EMIT_LOC_STRINGS = YES;
				SWIFT_VERSION = 5.0;
				TARGETED_DEVICE_FAMILY = "1,2";
			};
			name = Debug;
		};
		DF75E46D29341214005B249E /* Release */ = {
			isa = XCBuildConfiguration;
			buildSettings = {
				ASSETCATALOG_COMPILER_APPICON_NAME = AppIcon;
				ASSETCATALOG_COMPILER_GLOBAL_ACCENT_COLOR_NAME = AccentColor;
				CODE_SIGN_STYLE = Automatic;
				CURRENT_PROJECT_VERSION = 1;
				DEVELOPMENT_TEAM = 62VCSAZRF3;
				GENERATE_INFOPLIST_FILE = YES;
				INFOPLIST_FILE = Skylab/Info.plist;
				INFOPLIST_KEY_UIApplicationSupportsIndirectInputEvents = YES;
				INFOPLIST_KEY_UILaunchStoryboardName = LaunchScreen;
				INFOPLIST_KEY_UISupportedInterfaceOrientations = UIInterfaceOrientationPortrait;
				IPHONEOS_DEPLOYMENT_TARGET = 14.0;
				LD_RUNPATH_SEARCH_PATHS = (
					"$(inherited)",
					"@executable_path/Frameworks",
				);
				MARKETING_VERSION = 1.0;
				PRODUCT_BUNDLE_IDENTIFIER = "skylab-main.Skylab";
				PRODUCT_NAME = "$(TARGET_NAME)";
				SWIFT_EMIT_LOC_STRINGS = YES;
				SWIFT_VERSION = 5.0;
				TARGETED_DEVICE_FAMILY = "1,2";
			};
			name = Release;
		};
		DF75E46F29341214005B249E /* Debug */ = {
			isa = XCBuildConfiguration;
			buildSettings = {
				ALWAYS_EMBED_SWIFT_STANDARD_LIBRARIES = YES;
				BUNDLE_LOADER = "$(TEST_HOST)";
				CODE_SIGN_STYLE = Automatic;
				CURRENT_PROJECT_VERSION = 1;
				DEVELOPMENT_TEAM = 62VCSAZRF3;
				GENERATE_INFOPLIST_FILE = YES;
				IPHONEOS_DEPLOYMENT_TARGET = 16.0;
				MARKETING_VERSION = 1.0;
				PRODUCT_BUNDLE_IDENTIFIER = "skylab-main.SkylabTests";
				PRODUCT_NAME = "$(TARGET_NAME)";
				SWIFT_EMIT_LOC_STRINGS = NO;
				SWIFT_VERSION = 5.0;
				TARGETED_DEVICE_FAMILY = "1,2";
				TEST_HOST = "$(BUILT_PRODUCTS_DIR)/Skylab.app/$(BUNDLE_EXECUTABLE_FOLDER_PATH)/Skylab";
			};
			name = Debug;
		};
		DF75E47029341214005B249E /* Release */ = {
			isa = XCBuildConfiguration;
			buildSettings = {
				ALWAYS_EMBED_SWIFT_STANDARD_LIBRARIES = YES;
				BUNDLE_LOADER = "$(TEST_HOST)";
				CODE_SIGN_STYLE = Automatic;
				CURRENT_PROJECT_VERSION = 1;
				DEVELOPMENT_TEAM = 62VCSAZRF3;
				GENERATE_INFOPLIST_FILE = YES;
				IPHONEOS_DEPLOYMENT_TARGET = 16.0;
				MARKETING_VERSION = 1.0;
				PRODUCT_BUNDLE_IDENTIFIER = "skylab-main.SkylabTests";
				PRODUCT_NAME = "$(TARGET_NAME)";
				SWIFT_EMIT_LOC_STRINGS = NO;
				SWIFT_VERSION = 5.0;
				TARGETED_DEVICE_FAMILY = "1,2";
				TEST_HOST = "$(BUILT_PRODUCTS_DIR)/Skylab.app/$(BUNDLE_EXECUTABLE_FOLDER_PATH)/Skylab";
			};
			name = Release;
		};
		DF75E47229341214005B249E /* Debug */ = {
			isa = XCBuildConfiguration;
			buildSettings = {
				ALWAYS_EMBED_SWIFT_STANDARD_LIBRARIES = YES;
				CODE_SIGN_STYLE = Automatic;
				CURRENT_PROJECT_VERSION = 1;
				DEVELOPMENT_TEAM = 62VCSAZRF3;
				GENERATE_INFOPLIST_FILE = YES;
				MARKETING_VERSION = 1.0;
				PRODUCT_BUNDLE_IDENTIFIER = "skylab-main.SkylabUITests";
				PRODUCT_NAME = "$(TARGET_NAME)";
				SWIFT_EMIT_LOC_STRINGS = NO;
				SWIFT_VERSION = 5.0;
				TARGETED_DEVICE_FAMILY = "1,2";
				TEST_TARGET_NAME = Skylab;
			};
			name = Debug;
		};
		DF75E47329341214005B249E /* Release */ = {
			isa = XCBuildConfiguration;
			buildSettings = {
				ALWAYS_EMBED_SWIFT_STANDARD_LIBRARIES = YES;
				CODE_SIGN_STYLE = Automatic;
				CURRENT_PROJECT_VERSION = 1;
				DEVELOPMENT_TEAM = 62VCSAZRF3;
				GENERATE_INFOPLIST_FILE = YES;
				MARKETING_VERSION = 1.0;
				PRODUCT_BUNDLE_IDENTIFIER = "skylab-main.SkylabUITests";
				PRODUCT_NAME = "$(TARGET_NAME)";
				SWIFT_EMIT_LOC_STRINGS = NO;
				SWIFT_VERSION = 5.0;
				TARGETED_DEVICE_FAMILY = "1,2";
				TEST_TARGET_NAME = Skylab;
			};
			name = Release;
		};
/* End XCBuildConfiguration section */

/* Begin XCConfigurationList section */
		DF75E43C29341212005B249E /* Build configuration list for PBXProject "Skylab" */ = {
			isa = XCConfigurationList;
			buildConfigurations = (
				DF75E46929341214005B249E /* Debug */,
				DF75E46A29341214005B249E /* Release */,
			);
			defaultConfigurationIsVisible = 0;
			defaultConfigurationName = Release;
		};
		DF75E46B29341214005B249E /* Build configuration list for PBXNativeTarget "Skylab" */ = {
			isa = XCConfigurationList;
			buildConfigurations = (
				DF75E46C29341214005B249E /* Debug */,
				DF75E46D29341214005B249E /* Release */,
			);
			defaultConfigurationIsVisible = 0;
			defaultConfigurationName = Release;
		};
		DF75E46E29341214005B249E /* Build configuration list for PBXNativeTarget "SkylabTests" */ = {
			isa = XCConfigurationList;
			buildConfigurations = (
				DF75E46F29341214005B249E /* Debug */,
				DF75E47029341214005B249E /* Release */,
			);
			defaultConfigurationIsVisible = 0;
			defaultConfigurationName = Release;
		};
		DF75E47129341214005B249E /* Build configuration list for PBXNativeTarget "SkylabUITests" */ = {
			isa = XCConfigurationList;
			buildConfigurations = (
				DF75E47229341214005B249E /* Debug */,
				DF75E47329341214005B249E /* Release */,
			);
			defaultConfigurationIsVisible = 0;
			defaultConfigurationName = Release;
		};
/* End XCConfigurationList section */
	};
	rootObject = DF75E43929341212005B249E /* Project object */;
}
