// !$*UTF8*$!
{
	archiveVersion = 1;
	classes = {
	};
	objectVersion = 56;
	objects = {

/* Begin PBXBuildFile section */
		045D3FD129BE785F00456DEC /* ScrollableMenuView.swift in Sources */ = {isa = PBXBuildFile; fileRef = 045D3FD029BE785F00456DEC /* ScrollableMenuView.swift */; };
		045D3FD629BE7D0100456DEC /* MenuCell.swift in Sources */ = {isa = PBXBuildFile; fileRef = 045D3FD529BE7D0100456DEC /* MenuCell.swift */; };
		045D3FE029BE808600456DEC /* TestMenuViewController.swift in Sources */ = {isa = PBXBuildFile; fileRef = 045D3FDF29BE808600456DEC /* TestMenuViewController.swift */; };
		045D3FE229BE808700456DEC /* TestMenuViewCoordinator.swift in Sources */ = {isa = PBXBuildFile; fileRef = 045D3FE129BE808700456DEC /* TestMenuViewCoordinator.swift */; };
		045D3FE429BE80EC00456DEC /* TestMenuViewController.storyboard in Resources */ = {isa = PBXBuildFile; fileRef = 045D3FE329BE80EC00456DEC /* TestMenuViewController.storyboard */; };
		0466127A29C5E9FB002CAC3E /* ScrollableMenuLayout.swift in Sources */ = {isa = PBXBuildFile; fileRef = 0466127929C5E9FB002CAC3E /* ScrollableMenuLayout.swift */; };
		04C60CFD29A6B22A00BACDC0 /* BaseBackgroundView.swift in Sources */ = {isa = PBXBuildFile; fileRef = 04C60CFC29A6B22A00BACDC0 /* BaseBackgroundView.swift */; };
		04D44CEF299E9C1D003EADBD /* AuthorizationViewModel.swift in Sources */ = {isa = PBXBuildFile; fileRef = 04D44CEE299E9C1D003EADBD /* AuthorizationViewModel.swift */; };
		08697117298430B600E4CA00 /* RxCocoa in Frameworks */ = {isa = PBXBuildFile; productRef = 08697116298430B600E4CA00 /* RxCocoa */; };
		08697119298430B600E4CA00 /* RxRelay in Frameworks */ = {isa = PBXBuildFile; productRef = 08697118298430B600E4CA00 /* RxRelay */; };
		0869711B298430B600E4CA00 /* RxSwift in Frameworks */ = {isa = PBXBuildFile; productRef = 0869711A298430B600E4CA00 /* RxSwift */; };
		086971202986D8E200E4CA00 /* RxCocoa in Frameworks */ = {isa = PBXBuildFile; productRef = 0869711F2986D8E200E4CA00 /* RxCocoa */; };
		089F803929D2D3B900748D24 /* SecondPageSwiftUIView.swift in Sources */ = {isa = PBXBuildFile; fileRef = 089F803829D2D3B900748D24 /* SecondPageSwiftUIView.swift */; };
		089F803B29D2D48900748D24 /* SecondPageSwiftUIViewModel.swift in Sources */ = {isa = PBXBuildFile; fileRef = 089F803A29D2D48900748D24 /* SecondPageSwiftUIViewModel.swift */; };
		08E66EEC29BFC5500013B80A /* AnonymousPro-Bold.ttf in Resources */ = {isa = PBXBuildFile; fileRef = 08E66EEB29BFC3C70013B80A /* AnonymousPro-Bold.ttf */; };
		1513AF2329BE568900CD6387 /* SwinjectTestPageViewModelProtocol.swift in Sources */ = {isa = PBXBuildFile; fileRef = 1513AF2229BE568900CD6387 /* SwinjectTestPageViewModelProtocol.swift */; };
		1513AF2529BE57E000CD6387 /* SwinjectTestPageSubViewControllerViewModelProtocol.swift in Sources */ = {isa = PBXBuildFile; fileRef = 1513AF2429BE57E000CD6387 /* SwinjectTestPageSubViewControllerViewModelProtocol.swift */; };
		1513AF2729BE62B400CD6387 /* SwinjectTestPageViewModelCoordinatorDelegate.swift in Sources */ = {isa = PBXBuildFile; fileRef = 1513AF2629BE62B300CD6387 /* SwinjectTestPageViewModelCoordinatorDelegate.swift */; };
		152E04C92984717300ABCEA2 /* SwinjectTestPageSubViewController.swift in Sources */ = {isa = PBXBuildFile; fileRef = 152E04C82984717300ABCEA2 /* SwinjectTestPageSubViewController.swift */; };
		152E04CB2984718B00ABCEA2 /* SwinjectTestPageSubViewController.storyboard in Resources */ = {isa = PBXBuildFile; fileRef = 152E04CA2984718B00ABCEA2 /* SwinjectTestPageSubViewController.storyboard */; };
		152E04CD298471BD00ABCEA2 /* SwinjectPageViewModel.swift in Sources */ = {isa = PBXBuildFile; fileRef = 152E04CC298471BD00ABCEA2 /* SwinjectPageViewModel.swift */; };
		152E04CF298471FD00ABCEA2 /* SwinjectTestPageSubViewControllerViewModel.swift in Sources */ = {isa = PBXBuildFile; fileRef = 152E04CE298471FD00ABCEA2 /* SwinjectTestPageSubViewControllerViewModel.swift */; };
		152E04D2298474EC00ABCEA2 /* Swinject in Frameworks */ = {isa = PBXBuildFile; productRef = 152E04D1298474EC00ABCEA2 /* Swinject */; };
		1537A4AE297471A5007402D5 /* SecondPageViewModel.swift in Sources */ = {isa = PBXBuildFile; fileRef = 1537A4AD297471A5007402D5 /* SecondPageViewModel.swift */; };
		1544EC6F29846B590080C429 /* SwinjectTestPageCoordinator.swift in Sources */ = {isa = PBXBuildFile; fileRef = 1544EC6E29846B590080C429 /* SwinjectTestPageCoordinator.swift */; };
		1544EC7329846C8D0080C429 /* SwinjectTestPageViewController.swift in Sources */ = {isa = PBXBuildFile; fileRef = 1544EC7229846C8D0080C429 /* SwinjectTestPageViewController.swift */; };
		1544EC7529846C9B0080C429 /* SwinjectTestPageViewController.storyboard in Resources */ = {isa = PBXBuildFile; fileRef = 1544EC7429846C9B0080C429 /* SwinjectTestPageViewController.storyboard */; };
		15506898298696D600A81F04 /* ContainerSwinjectTutorial.swift in Sources */ = {isa = PBXBuildFile; fileRef = 15506897298696D600A81F04 /* ContainerSwinjectTutorial.swift */; };
		1550689B29869A4300A81F04 /* LoggerSwinjectTutorialProtocol.swift in Sources */ = {isa = PBXBuildFile; fileRef = 1550689A29869A4300A81F04 /* LoggerSwinjectTutorialProtocol.swift */; };
		1550689D29869AE800A81F04 /* PlainTextLoggerSwinjectTutorial.swift in Sources */ = {isa = PBXBuildFile; fileRef = 1550689C29869AE800A81F04 /* PlainTextLoggerSwinjectTutorial.swift */; };
		1550689F29869BC700A81F04 /* JSONLoggerSwinjectTutorial.swift in Sources */ = {isa = PBXBuildFile; fileRef = 1550689E29869BC700A81F04 /* JSONLoggerSwinjectTutorial.swift */; };
		6E9A2D5E29CBAC1500D1E78B /* FirebaseRemoteConfig in Frameworks */ = {isa = PBXBuildFile; productRef = 6E9A2D5D29CBAC1500D1E78B /* FirebaseRemoteConfig */; };
		6EA0BECA29C0DD2D0066B9BC /* GoogleService-Info.plist in Resources */ = {isa = PBXBuildFile; fileRef = 6EA0BEC929C0DD2C0066B9BC /* GoogleService-Info.plist */; };
		6EA0BED729C2F23D0066B9BC /* FeatureToggleProvider.swift in Sources */ = {isa = PBXBuildFile; fileRef = 6EA0BED629C2F23D0066B9BC /* FeatureToggleProvider.swift */; };
		6EC3856C29C87CCF00114D03 /* Feature.swift in Sources */ = {isa = PBXBuildFile; fileRef = 6EC3856B29C87CCF00114D03 /* Feature.swift */; };
		8625B5A829BFB2BF00F4A78C /* SecondPageSubViewController.swift in Sources */ = {isa = PBXBuildFile; fileRef = 8625B5A729BFB2BF00F4A78C /* SecondPageSubViewController.swift */; };
		8625B5AA29BFB4AF00F4A78C /* SecondPageSubViewControllerViewModel.swift in Sources */ = {isa = PBXBuildFile; fileRef = 8625B5A929BFB4AF00F4A78C /* SecondPageSubViewControllerViewModel.swift */; };
		8625B5AE29BFB5A700F4A78C /* SecondPageSubViewController.storyboard in Resources */ = {isa = PBXBuildFile; fileRef = 8625B5AD29BFB5A700F4A78C /* SecondPageSubViewController.storyboard */; };
		DF0C6D1F297D839300DE84AB /* ThirdPageViewModel.swift in Sources */ = {isa = PBXBuildFile; fileRef = DF0C6D1E297D839300DE84AB /* ThirdPageViewModel.swift */; };
		DF0C6D22297D85E300DE84AB /* Alamofire in Frameworks */ = {isa = PBXBuildFile; productRef = DF0C6D21297D85E300DE84AB /* Alamofire */; };
		DF3D3C242969D01300CFCE49 /* MainTabBarCoordinator.swift in Sources */ = {isa = PBXBuildFile; fileRef = DF3D3C232969D01300CFCE49 /* MainTabBarCoordinator.swift */; };
		DF3D3C272969F61700CFCE49 /* OnboardingCoordinator.swift in Sources */ = {isa = PBXBuildFile; fileRef = DF3D3C262969F61700CFCE49 /* OnboardingCoordinator.swift */; };
		DF3D3C2A2969FD5F00CFCE49 /* OnboardingViewController.swift in Sources */ = {isa = PBXBuildFile; fileRef = DF3D3C292969FD5F00CFCE49 /* OnboardingViewController.swift */; };
		DF3D3C2C2969FD8A00CFCE49 /* OnboardingViewController.storyboard in Resources */ = {isa = PBXBuildFile; fileRef = DF3D3C2B2969FD8A00CFCE49 /* OnboardingViewController.storyboard */; };
		DF3D3C2E2969FE1700CFCE49 /* AuthorizationViewController.swift in Sources */ = {isa = PBXBuildFile; fileRef = DF3D3C2D2969FE1700CFCE49 /* AuthorizationViewController.swift */; };
		DF3D3C302969FE2B00CFCE49 /* AuthorizationViewController.storyboard in Resources */ = {isa = PBXBuildFile; fileRef = DF3D3C2F2969FE2B00CFCE49 /* AuthorizationViewController.storyboard */; };
		DF3D3C322969FF7B00CFCE49 /* AuthorizationCoordinator.swift in Sources */ = {isa = PBXBuildFile; fileRef = DF3D3C312969FF7B00CFCE49 /* AuthorizationCoordinator.swift */; };
		DF3D3C3C296A036700CFCE49 /* FirstPageViewController.swift in Sources */ = {isa = PBXBuildFile; fileRef = DF3D3C3B296A036700CFCE49 /* FirstPageViewController.swift */; };
		DF3D3C3E296A036F00CFCE49 /* FirstPageViewController.storyboard in Resources */ = {isa = PBXBuildFile; fileRef = DF3D3C3D296A036F00CFCE49 /* FirstPageViewController.storyboard */; };
		DF3D3C44296A042000CFCE49 /* SecondPageCoordinator.swift in Sources */ = {isa = PBXBuildFile; fileRef = DF3D3C43296A042000CFCE49 /* SecondPageCoordinator.swift */; };
		DF3D3C46296A042F00CFCE49 /* ThirdPageCoordinator.swift in Sources */ = {isa = PBXBuildFile; fileRef = DF3D3C45296A042F00CFCE49 /* ThirdPageCoordinator.swift */; };
		DF3D3C4A296A048500CFCE49 /* SecondPageViewController.storyboard in Resources */ = {isa = PBXBuildFile; fileRef = DF3D3C49296A048500CFCE49 /* SecondPageViewController.storyboard */; };
		DF3D3C4C296A051400CFCE49 /* ThirdPageViewController.swift in Sources */ = {isa = PBXBuildFile; fileRef = DF3D3C4B296A051400CFCE49 /* ThirdPageViewController.swift */; };
		DF3D3C4E296A052000CFCE49 /* ThirdPageViewController.storyboard in Resources */ = {isa = PBXBuildFile; fileRef = DF3D3C4D296A052000CFCE49 /* ThirdPageViewController.storyboard */; };
		DF3D3C4F296A058100CFCE49 /* FirstPageCoordinator.swift in Sources */ = {isa = PBXBuildFile; fileRef = DF3D3C37296A031F00CFCE49 /* FirstPageCoordinator.swift */; };
		DF3E2E90296A0E7800810694 /* MainTabBarController.swift in Sources */ = {isa = PBXBuildFile; fileRef = DF3E2E8F296A0E7800810694 /* MainTabBarController.swift */; };
		DF3E2E91296A0F3400810694 /* SecondPageViewController.swift in Sources */ = {isa = PBXBuildFile; fileRef = DF3D3C47296A045B00CFCE49 /* SecondPageViewController.swift */; };
		DF3E2E93296A15E500810694 /* FirstPageViewModel.swift in Sources */ = {isa = PBXBuildFile; fileRef = DF3E2E92296A15E500810694 /* FirstPageViewModel.swift */; };
		DF3E2E96296B237C00810694 /* FirstPageSubViewController.swift in Sources */ = {isa = PBXBuildFile; fileRef = DF3E2E95296B237C00810694 /* FirstPageSubViewController.swift */; };
		DF3E2E98296B238D00810694 /* FirstPageSubViewController.storyboard in Resources */ = {isa = PBXBuildFile; fileRef = DF3E2E97296B238D00810694 /* FirstPageSubViewController.storyboard */; };
		DF3E2E9A296B23AF00810694 /* FirstPageSubViewControllerViewModel.swift in Sources */ = {isa = PBXBuildFile; fileRef = DF3E2E99296B23AF00810694 /* FirstPageSubViewControllerViewModel.swift */; };
		DF4D3E2D29660FEB00070D79 /* AppCoordinator.swift in Sources */ = {isa = PBXBuildFile; fileRef = DF4D3E2C29660FEB00070D79 /* AppCoordinator.swift */; };
		DF75E44529341212005B249E /* AppDelegate.swift in Sources */ = {isa = PBXBuildFile; fileRef = DF75E44429341212005B249E /* AppDelegate.swift */; };
		DF75E44E29341214005B249E /* Assets.xcassets in Resources */ = {isa = PBXBuildFile; fileRef = DF75E44D29341214005B249E /* Assets.xcassets */; };
		DF75E45129341214005B249E /* LaunchScreen.storyboard in Resources */ = {isa = PBXBuildFile; fileRef = DF75E44F29341214005B249E /* LaunchScreen.storyboard */; };
		DF75E45C29341214005B249E /* SkylabTests.swift in Sources */ = {isa = PBXBuildFile; fileRef = DF75E45B29341214005B249E /* SkylabTests.swift */; };
		DF75E46629341214005B249E /* SkylabUITests.swift in Sources */ = {isa = PBXBuildFile; fileRef = DF75E46529341214005B249E /* SkylabUITests.swift */; };
		DF75E46829341214005B249E /* SkylabUITestsLaunchTests.swift in Sources */ = {isa = PBXBuildFile; fileRef = DF75E46729341214005B249E /* SkylabUITestsLaunchTests.swift */; };
		DFF23642294F69EE0009AF47 /* Coordinator.swift in Sources */ = {isa = PBXBuildFile; fileRef = DFF23641294F69EE0009AF47 /* Coordinator.swift */; };
		DFF23650294F6ED00009AF47 /* Storyboarded.swift in Sources */ = {isa = PBXBuildFile; fileRef = DFF2364F294F6ED00009AF47 /* Storyboarded.swift */; };
		DFF2365E294F73180009AF47 /* BaseViewController.swift in Sources */ = {isa = PBXBuildFile; fileRef = DFF2365D294F73180009AF47 /* BaseViewController.swift */; };
		ED0BAF99299ED1DD00B76AF3 /* OnboardingViewModel.swift in Sources */ = {isa = PBXBuildFile; fileRef = ED0BAF98299ED1DD00B76AF3 /* OnboardingViewModel.swift */; };
		F4881E0C29E582F400F83E44 /* MainMenuCoordinator.swift in Sources */ = {isa = PBXBuildFile; fileRef = F4881E0B29E582F400F83E44 /* MainMenuCoordinator.swift */; };
		F4881E1229E589F300F83E44 /* EnviromentHelper.swift in Sources */ = {isa = PBXBuildFile; fileRef = F4881E1129E589F300F83E44 /* EnviromentHelper.swift */; };
		F4881E1529E5956B00F83E44 /* TutorialTableViewCell.swift in Sources */ = {isa = PBXBuildFile; fileRef = F4881E1429E5956B00F83E44 /* TutorialTableViewCell.swift */; };
		F48CE07C29E6A358008A47F5 /* MainMenuViewModel.swift in Sources */ = {isa = PBXBuildFile; fileRef = F48CE07B29E6A358008A47F5 /* MainMenuViewModel.swift */; };
		F48CE07E29E6A45C008A47F5 /* TutorialViewModel.swift in Sources */ = {isa = PBXBuildFile; fileRef = F48CE07D29E6A45C008A47F5 /* TutorialViewModel.swift */; };
		F48CE08229E6A758008A47F5 /* TutorialViewModelProtocol.swift in Sources */ = {isa = PBXBuildFile; fileRef = F48CE08129E6A758008A47F5 /* TutorialViewModelProtocol.swift */; };
		F48CE08629E6A97C008A47F5 /* MainMenuViewModelProtocol.swift in Sources */ = {isa = PBXBuildFile; fileRef = F48CE08529E6A97C008A47F5 /* MainMenuViewModelProtocol.swift */; };
		F48CE08829E6AC47008A47F5 /* MainMenuCoordinatorDelegate.swift in Sources */ = {isa = PBXBuildFile; fileRef = F48CE08729E6AC47008A47F5 /* MainMenuCoordinatorDelegate.swift */; };
		F48CE08B29E6C63F008A47F5 /* ContainerMainMenu.swift in Sources */ = {isa = PBXBuildFile; fileRef = F48CE08A29E6C63F008A47F5 /* ContainerMainMenu.swift */; };
		F4B1314729E445A2005760B6 /* MainMenuViewController.storyboard in Resources */ = {isa = PBXBuildFile; fileRef = F4B1314629E445A2005760B6 /* MainMenuViewController.storyboard */; };
		F4B1314929E445E2005760B6 /* MainMenuViewController.swift in Sources */ = {isa = PBXBuildFile; fileRef = F4B1314829E445E2005760B6 /* MainMenuViewController.swift */; };
		F4B1314D29E4464F005760B6 /* ApplicationViewController.swift in Sources */ = {isa = PBXBuildFile; fileRef = F4B1314C29E4464F005760B6 /* ApplicationViewController.swift */; };
		F4B1314F29E4465A005760B6 /* ApplicationViewController.storyboard in Resources */ = {isa = PBXBuildFile; fileRef = F4B1314E29E4465A005760B6 /* ApplicationViewController.storyboard */; };
		F4B1315229E4468C005760B6 /* TutorialViewController.swift in Sources */ = {isa = PBXBuildFile; fileRef = F4B1315129E4468C005760B6 /* TutorialViewController.swift */; };
		F4B1315429E4469F005760B6 /* TutorialViewController.storyboard in Resources */ = {isa = PBXBuildFile; fileRef = F4B1315329E4469F005760B6 /* TutorialViewController.storyboard */; };
/* End PBXBuildFile section */

/* Begin PBXContainerItemProxy section */
		DF75E45829341214005B249E /* PBXContainerItemProxy */ = {
			isa = PBXContainerItemProxy;
			containerPortal = DF75E43929341212005B249E /* Project object */;
			proxyType = 1;
			remoteGlobalIDString = DF75E44029341212005B249E;
			remoteInfo = Skylab;
		};
		DF75E46229341214005B249E /* PBXContainerItemProxy */ = {
			isa = PBXContainerItemProxy;
			containerPortal = DF75E43929341212005B249E /* Project object */;
			proxyType = 1;
			remoteGlobalIDString = DF75E44029341212005B249E;
			remoteInfo = Skylab;
		};
/* End PBXContainerItemProxy section */

/* Begin PBXFileReference section */
		045D3FD029BE785F00456DEC /* ScrollableMenuView.swift */ = {isa = PBXFileReference; lastKnownFileType = sourcecode.swift; name = ScrollableMenuView.swift; path = "Skylab/Custom elements/ScrollableMenuView.swift"; sourceTree = SOURCE_ROOT; };
		045D3FD529BE7D0100456DEC /* MenuCell.swift */ = {isa = PBXFileReference; fileEncoding = 4; lastKnownFileType = sourcecode.swift; name = MenuCell.swift; path = ../MenuCell.swift; sourceTree = "<group>"; };
		045D3FDF29BE808600456DEC /* TestMenuViewController.swift */ = {isa = PBXFileReference; fileEncoding = 4; lastKnownFileType = sourcecode.swift; path = TestMenuViewController.swift; sourceTree = "<group>"; };
		045D3FE129BE808700456DEC /* TestMenuViewCoordinator.swift */ = {isa = PBXFileReference; lastKnownFileType = sourcecode.swift; path = TestMenuViewCoordinator.swift; sourceTree = "<group>"; };
		045D3FE329BE80EC00456DEC /* TestMenuViewController.storyboard */ = {isa = PBXFileReference; lastKnownFileType = file.storyboard; path = TestMenuViewController.storyboard; sourceTree = "<group>"; };
		0466127929C5E9FB002CAC3E /* ScrollableMenuLayout.swift */ = {isa = PBXFileReference; lastKnownFileType = sourcecode.swift; path = ScrollableMenuLayout.swift; sourceTree = "<group>"; };
		04C60CFC29A6B22A00BACDC0 /* BaseBackgroundView.swift */ = {isa = PBXFileReference; lastKnownFileType = sourcecode.swift; path = BaseBackgroundView.swift; sourceTree = "<group>"; };
		04D44CEE299E9C1D003EADBD /* AuthorizationViewModel.swift */ = {isa = PBXFileReference; lastKnownFileType = sourcecode.swift; path = AuthorizationViewModel.swift; sourceTree = "<group>"; };
		089F803829D2D3B900748D24 /* SecondPageSwiftUIView.swift */ = {isa = PBXFileReference; lastKnownFileType = sourcecode.swift; path = SecondPageSwiftUIView.swift; sourceTree = "<group>"; };
		089F803A29D2D48900748D24 /* SecondPageSwiftUIViewModel.swift */ = {isa = PBXFileReference; lastKnownFileType = sourcecode.swift; path = SecondPageSwiftUIViewModel.swift; sourceTree = "<group>"; };
		08E66EEB29BFC3C70013B80A /* AnonymousPro-Bold.ttf */ = {isa = PBXFileReference; lastKnownFileType = file; path = "AnonymousPro-Bold.ttf"; sourceTree = "<group>"; };
		1513AF2229BE568900CD6387 /* SwinjectTestPageViewModelProtocol.swift */ = {isa = PBXFileReference; lastKnownFileType = sourcecode.swift; path = SwinjectTestPageViewModelProtocol.swift; sourceTree = "<group>"; };
		1513AF2429BE57E000CD6387 /* SwinjectTestPageSubViewControllerViewModelProtocol.swift */ = {isa = PBXFileReference; lastKnownFileType = sourcecode.swift; path = SwinjectTestPageSubViewControllerViewModelProtocol.swift; sourceTree = "<group>"; };
		1513AF2629BE62B300CD6387 /* SwinjectTestPageViewModelCoordinatorDelegate.swift */ = {isa = PBXFileReference; lastKnownFileType = sourcecode.swift; path = SwinjectTestPageViewModelCoordinatorDelegate.swift; sourceTree = "<group>"; };
		152E04C82984717300ABCEA2 /* SwinjectTestPageSubViewController.swift */ = {isa = PBXFileReference; lastKnownFileType = sourcecode.swift; path = SwinjectTestPageSubViewController.swift; sourceTree = "<group>"; };
		152E04CA2984718B00ABCEA2 /* SwinjectTestPageSubViewController.storyboard */ = {isa = PBXFileReference; lastKnownFileType = file.storyboard; path = SwinjectTestPageSubViewController.storyboard; sourceTree = "<group>"; };
		152E04CC298471BD00ABCEA2 /* SwinjectPageViewModel.swift */ = {isa = PBXFileReference; lastKnownFileType = sourcecode.swift; path = SwinjectPageViewModel.swift; sourceTree = "<group>"; };
		152E04CE298471FD00ABCEA2 /* SwinjectTestPageSubViewControllerViewModel.swift */ = {isa = PBXFileReference; lastKnownFileType = sourcecode.swift; path = SwinjectTestPageSubViewControllerViewModel.swift; sourceTree = "<group>"; };
		1537A4AD297471A5007402D5 /* SecondPageViewModel.swift */ = {isa = PBXFileReference; lastKnownFileType = sourcecode.swift; path = SecondPageViewModel.swift; sourceTree = "<group>"; };
		1544EC6E29846B590080C429 /* SwinjectTestPageCoordinator.swift */ = {isa = PBXFileReference; lastKnownFileType = sourcecode.swift; path = SwinjectTestPageCoordinator.swift; sourceTree = "<group>"; };
		1544EC7229846C8D0080C429 /* SwinjectTestPageViewController.swift */ = {isa = PBXFileReference; lastKnownFileType = sourcecode.swift; path = SwinjectTestPageViewController.swift; sourceTree = "<group>"; };
		1544EC7429846C9B0080C429 /* SwinjectTestPageViewController.storyboard */ = {isa = PBXFileReference; lastKnownFileType = file.storyboard; path = SwinjectTestPageViewController.storyboard; sourceTree = "<group>"; };
		15506897298696D600A81F04 /* ContainerSwinjectTutorial.swift */ = {isa = PBXFileReference; lastKnownFileType = sourcecode.swift; path = ContainerSwinjectTutorial.swift; sourceTree = "<group>"; };
		1550689A29869A4300A81F04 /* LoggerSwinjectTutorialProtocol.swift */ = {isa = PBXFileReference; lastKnownFileType = sourcecode.swift; path = LoggerSwinjectTutorialProtocol.swift; sourceTree = "<group>"; };
		1550689C29869AE800A81F04 /* PlainTextLoggerSwinjectTutorial.swift */ = {isa = PBXFileReference; lastKnownFileType = sourcecode.swift; path = PlainTextLoggerSwinjectTutorial.swift; sourceTree = "<group>"; };
		1550689E29869BC700A81F04 /* JSONLoggerSwinjectTutorial.swift */ = {isa = PBXFileReference; lastKnownFileType = sourcecode.swift; path = JSONLoggerSwinjectTutorial.swift; sourceTree = "<group>"; };
		6EA0BEC929C0DD2C0066B9BC /* GoogleService-Info.plist */ = {isa = PBXFileReference; fileEncoding = 4; lastKnownFileType = text.plist.xml; path = "GoogleService-Info.plist"; sourceTree = "<group>"; };
		6EA0BED629C2F23D0066B9BC /* FeatureToggleProvider.swift */ = {isa = PBXFileReference; lastKnownFileType = sourcecode.swift; path = FeatureToggleProvider.swift; sourceTree = "<group>"; };
		6EC3856B29C87CCF00114D03 /* Feature.swift */ = {isa = PBXFileReference; lastKnownFileType = sourcecode.swift; path = Feature.swift; sourceTree = "<group>"; };
		8625B5A729BFB2BF00F4A78C /* SecondPageSubViewController.swift */ = {isa = PBXFileReference; lastKnownFileType = sourcecode.swift; path = SecondPageSubViewController.swift; sourceTree = "<group>"; };
		8625B5A929BFB4AF00F4A78C /* SecondPageSubViewControllerViewModel.swift */ = {isa = PBXFileReference; lastKnownFileType = sourcecode.swift; path = SecondPageSubViewControllerViewModel.swift; sourceTree = "<group>"; };
		8625B5AD29BFB5A700F4A78C /* SecondPageSubViewController.storyboard */ = {isa = PBXFileReference; lastKnownFileType = file.storyboard; path = SecondPageSubViewController.storyboard; sourceTree = "<group>"; };
		DF0C6D1E297D839300DE84AB /* ThirdPageViewModel.swift */ = {isa = PBXFileReference; fileEncoding = 4; lastKnownFileType = sourcecode.swift; path = ThirdPageViewModel.swift; sourceTree = "<group>"; };
		DF3D3C232969D01300CFCE49 /* MainTabBarCoordinator.swift */ = {isa = PBXFileReference; lastKnownFileType = sourcecode.swift; path = MainTabBarCoordinator.swift; sourceTree = "<group>"; };
		DF3D3C262969F61700CFCE49 /* OnboardingCoordinator.swift */ = {isa = PBXFileReference; lastKnownFileType = sourcecode.swift; path = OnboardingCoordinator.swift; sourceTree = "<group>"; };
		DF3D3C292969FD5F00CFCE49 /* OnboardingViewController.swift */ = {isa = PBXFileReference; lastKnownFileType = sourcecode.swift; path = OnboardingViewController.swift; sourceTree = "<group>"; };
		DF3D3C2B2969FD8A00CFCE49 /* OnboardingViewController.storyboard */ = {isa = PBXFileReference; lastKnownFileType = file.storyboard; path = OnboardingViewController.storyboard; sourceTree = "<group>"; };
		DF3D3C2D2969FE1700CFCE49 /* AuthorizationViewController.swift */ = {isa = PBXFileReference; lastKnownFileType = sourcecode.swift; path = AuthorizationViewController.swift; sourceTree = "<group>"; };
		DF3D3C2F2969FE2B00CFCE49 /* AuthorizationViewController.storyboard */ = {isa = PBXFileReference; lastKnownFileType = file.storyboard; path = AuthorizationViewController.storyboard; sourceTree = "<group>"; };
		DF3D3C312969FF7B00CFCE49 /* AuthorizationCoordinator.swift */ = {isa = PBXFileReference; lastKnownFileType = sourcecode.swift; path = AuthorizationCoordinator.swift; sourceTree = "<group>"; };
		DF3D3C37296A031F00CFCE49 /* FirstPageCoordinator.swift */ = {isa = PBXFileReference; lastKnownFileType = sourcecode.swift; path = FirstPageCoordinator.swift; sourceTree = "<group>"; };
		DF3D3C3B296A036700CFCE49 /* FirstPageViewController.swift */ = {isa = PBXFileReference; lastKnownFileType = sourcecode.swift; path = FirstPageViewController.swift; sourceTree = "<group>"; };
		DF3D3C3D296A036F00CFCE49 /* FirstPageViewController.storyboard */ = {isa = PBXFileReference; lastKnownFileType = file.storyboard; path = FirstPageViewController.storyboard; sourceTree = "<group>"; };
		DF3D3C43296A042000CFCE49 /* SecondPageCoordinator.swift */ = {isa = PBXFileReference; lastKnownFileType = sourcecode.swift; path = SecondPageCoordinator.swift; sourceTree = "<group>"; };
		DF3D3C45296A042F00CFCE49 /* ThirdPageCoordinator.swift */ = {isa = PBXFileReference; lastKnownFileType = sourcecode.swift; path = ThirdPageCoordinator.swift; sourceTree = "<group>"; };
		DF3D3C47296A045B00CFCE49 /* SecondPageViewController.swift */ = {isa = PBXFileReference; lastKnownFileType = sourcecode.swift; path = SecondPageViewController.swift; sourceTree = "<group>"; };
		DF3D3C49296A048500CFCE49 /* SecondPageViewController.storyboard */ = {isa = PBXFileReference; lastKnownFileType = file.storyboard; path = SecondPageViewController.storyboard; sourceTree = "<group>"; };
		DF3D3C4B296A051400CFCE49 /* ThirdPageViewController.swift */ = {isa = PBXFileReference; lastKnownFileType = sourcecode.swift; path = ThirdPageViewController.swift; sourceTree = "<group>"; };
		DF3D3C4D296A052000CFCE49 /* ThirdPageViewController.storyboard */ = {isa = PBXFileReference; lastKnownFileType = file.storyboard; path = ThirdPageViewController.storyboard; sourceTree = "<group>"; };
		DF3E2E8F296A0E7800810694 /* MainTabBarController.swift */ = {isa = PBXFileReference; lastKnownFileType = sourcecode.swift; path = MainTabBarController.swift; sourceTree = "<group>"; };
		DF3E2E92296A15E500810694 /* FirstPageViewModel.swift */ = {isa = PBXFileReference; lastKnownFileType = sourcecode.swift; path = FirstPageViewModel.swift; sourceTree = "<group>"; };
		DF3E2E95296B237C00810694 /* FirstPageSubViewController.swift */ = {isa = PBXFileReference; lastKnownFileType = sourcecode.swift; path = FirstPageSubViewController.swift; sourceTree = "<group>"; };
		DF3E2E97296B238D00810694 /* FirstPageSubViewController.storyboard */ = {isa = PBXFileReference; lastKnownFileType = file.storyboard; path = FirstPageSubViewController.storyboard; sourceTree = "<group>"; };
		DF3E2E99296B23AF00810694 /* FirstPageSubViewControllerViewModel.swift */ = {isa = PBXFileReference; lastKnownFileType = sourcecode.swift; path = FirstPageSubViewControllerViewModel.swift; sourceTree = "<group>"; };
		DF4D3E2C29660FEB00070D79 /* AppCoordinator.swift */ = {isa = PBXFileReference; lastKnownFileType = sourcecode.swift; path = AppCoordinator.swift; sourceTree = "<group>"; };
		DF75E44129341212005B249E /* Skylab.app */ = {isa = PBXFileReference; explicitFileType = wrapper.application; includeInIndex = 0; path = Skylab.app; sourceTree = BUILT_PRODUCTS_DIR; };
		DF75E44429341212005B249E /* AppDelegate.swift */ = {isa = PBXFileReference; lastKnownFileType = sourcecode.swift; path = AppDelegate.swift; sourceTree = "<group>"; };
		DF75E44D29341214005B249E /* Assets.xcassets */ = {isa = PBXFileReference; lastKnownFileType = folder.assetcatalog; path = Assets.xcassets; sourceTree = "<group>"; };
		DF75E45029341214005B249E /* Base */ = {isa = PBXFileReference; lastKnownFileType = file.storyboard; name = Base; path = Base.lproj/LaunchScreen.storyboard; sourceTree = "<group>"; };
		DF75E45229341214005B249E /* Info.plist */ = {isa = PBXFileReference; lastKnownFileType = text.plist.xml; path = Info.plist; sourceTree = "<group>"; };
		DF75E45729341214005B249E /* SkylabTests.xctest */ = {isa = PBXFileReference; explicitFileType = wrapper.cfbundle; includeInIndex = 0; path = SkylabTests.xctest; sourceTree = BUILT_PRODUCTS_DIR; };
		DF75E45B29341214005B249E /* SkylabTests.swift */ = {isa = PBXFileReference; lastKnownFileType = sourcecode.swift; path = SkylabTests.swift; sourceTree = "<group>"; };
		DF75E46129341214005B249E /* SkylabUITests.xctest */ = {isa = PBXFileReference; explicitFileType = wrapper.cfbundle; includeInIndex = 0; path = SkylabUITests.xctest; sourceTree = BUILT_PRODUCTS_DIR; };
		DF75E46529341214005B249E /* SkylabUITests.swift */ = {isa = PBXFileReference; lastKnownFileType = sourcecode.swift; path = SkylabUITests.swift; sourceTree = "<group>"; };
		DF75E46729341214005B249E /* SkylabUITestsLaunchTests.swift */ = {isa = PBXFileReference; lastKnownFileType = sourcecode.swift; path = SkylabUITestsLaunchTests.swift; sourceTree = "<group>"; };
		DFF23641294F69EE0009AF47 /* Coordinator.swift */ = {isa = PBXFileReference; lastKnownFileType = sourcecode.swift; path = Coordinator.swift; sourceTree = "<group>"; };
		DFF2364F294F6ED00009AF47 /* Storyboarded.swift */ = {isa = PBXFileReference; lastKnownFileType = sourcecode.swift; path = Storyboarded.swift; sourceTree = "<group>"; };
		DFF2365D294F73180009AF47 /* BaseViewController.swift */ = {isa = PBXFileReference; lastKnownFileType = sourcecode.swift; path = BaseViewController.swift; sourceTree = "<group>"; };
		ED0BAF98299ED1DD00B76AF3 /* OnboardingViewModel.swift */ = {isa = PBXFileReference; fileEncoding = 4; lastKnownFileType = sourcecode.swift; path = OnboardingViewModel.swift; sourceTree = "<group>"; };
		F4881E0B29E582F400F83E44 /* MainMenuCoordinator.swift */ = {isa = PBXFileReference; lastKnownFileType = sourcecode.swift; path = MainMenuCoordinator.swift; sourceTree = "<group>"; };
		F4881E0E29E588B800F83E44 /* Debug.xcconfig */ = {isa = PBXFileReference; lastKnownFileType = text.xcconfig; path = Debug.xcconfig; sourceTree = "<group>"; };
		F4881E0F29E5895800F83E44 /* Debug.plist */ = {isa = PBXFileReference; fileEncoding = 4; lastKnownFileType = text.plist.xml; path = Debug.plist; sourceTree = "<group>"; };
		F4881E1129E589F300F83E44 /* EnviromentHelper.swift */ = {isa = PBXFileReference; lastKnownFileType = sourcecode.swift; path = EnviromentHelper.swift; sourceTree = "<group>"; };
		F4881E1429E5956B00F83E44 /* TutorialTableViewCell.swift */ = {isa = PBXFileReference; lastKnownFileType = sourcecode.swift; path = TutorialTableViewCell.swift; sourceTree = "<group>"; };
		F48CE07B29E6A358008A47F5 /* MainMenuViewModel.swift */ = {isa = PBXFileReference; lastKnownFileType = sourcecode.swift; path = MainMenuViewModel.swift; sourceTree = "<group>"; };
		F48CE07D29E6A45C008A47F5 /* TutorialViewModel.swift */ = {isa = PBXFileReference; lastKnownFileType = sourcecode.swift; path = TutorialViewModel.swift; sourceTree = "<group>"; };
		F48CE08129E6A758008A47F5 /* TutorialViewModelProtocol.swift */ = {isa = PBXFileReference; lastKnownFileType = sourcecode.swift; path = TutorialViewModelProtocol.swift; sourceTree = "<group>"; };
		F48CE08529E6A97C008A47F5 /* MainMenuViewModelProtocol.swift */ = {isa = PBXFileReference; lastKnownFileType = sourcecode.swift; path = MainMenuViewModelProtocol.swift; sourceTree = "<group>"; };
		F48CE08729E6AC47008A47F5 /* MainMenuCoordinatorDelegate.swift */ = {isa = PBXFileReference; lastKnownFileType = sourcecode.swift; path = MainMenuCoordinatorDelegate.swift; sourceTree = "<group>"; };
		F48CE08A29E6C63F008A47F5 /* ContainerMainMenu.swift */ = {isa = PBXFileReference; lastKnownFileType = sourcecode.swift; path = ContainerMainMenu.swift; sourceTree = "<group>"; };
		F4B1314629E445A2005760B6 /* MainMenuViewController.storyboard */ = {isa = PBXFileReference; lastKnownFileType = file.storyboard; path = MainMenuViewController.storyboard; sourceTree = "<group>"; };
		F4B1314829E445E2005760B6 /* MainMenuViewController.swift */ = {isa = PBXFileReference; lastKnownFileType = sourcecode.swift; path = MainMenuViewController.swift; sourceTree = "<group>"; };
		F4B1314C29E4464F005760B6 /* ApplicationViewController.swift */ = {isa = PBXFileReference; lastKnownFileType = sourcecode.swift; path = ApplicationViewController.swift; sourceTree = "<group>"; };
		F4B1314E29E4465A005760B6 /* ApplicationViewController.storyboard */ = {isa = PBXFileReference; lastKnownFileType = file.storyboard; path = ApplicationViewController.storyboard; sourceTree = "<group>"; };
		F4B1315129E4468C005760B6 /* TutorialViewController.swift */ = {isa = PBXFileReference; lastKnownFileType = sourcecode.swift; path = TutorialViewController.swift; sourceTree = "<group>"; };
		F4B1315329E4469F005760B6 /* TutorialViewController.storyboard */ = {isa = PBXFileReference; lastKnownFileType = file.storyboard; path = TutorialViewController.storyboard; sourceTree = "<group>"; };
/* End PBXFileReference section */

/* Begin PBXFrameworksBuildPhase section */
		DF75E43E29341212005B249E /* Frameworks */ = {
			isa = PBXFrameworksBuildPhase;
			buildActionMask = 2147483647;
			files = (
				08697119298430B600E4CA00 /* RxRelay in Frameworks */,
				08697117298430B600E4CA00 /* RxCocoa in Frameworks */,
				0869711B298430B600E4CA00 /* RxSwift in Frameworks */,
				6E9A2D5E29CBAC1500D1E78B /* FirebaseRemoteConfig in Frameworks */,
				DF0C6D22297D85E300DE84AB /* Alamofire in Frameworks */,
				152E04D2298474EC00ABCEA2 /* Swinject in Frameworks */,
			);
			runOnlyForDeploymentPostprocessing = 0;
		};
		DF75E45429341214005B249E /* Frameworks */ = {
			isa = PBXFrameworksBuildPhase;
			buildActionMask = 2147483647;
			files = (
				086971202986D8E200E4CA00 /* RxCocoa in Frameworks */,
			);
			runOnlyForDeploymentPostprocessing = 0;
		};
		DF75E45E29341214005B249E /* Frameworks */ = {
			isa = PBXFrameworksBuildPhase;
			buildActionMask = 2147483647;
			files = (
			);
			runOnlyForDeploymentPostprocessing = 0;
		};
/* End PBXFrameworksBuildPhase section */

/* Begin PBXGroup section */
		0419071029C5EC990037F8FC /* ScrollableMenuView */ = {
			isa = PBXGroup;
			children = (
				0466127929C5E9FB002CAC3E /* ScrollableMenuLayout.swift */,
				045D3FD029BE785F00456DEC /* ScrollableMenuView.swift */,
				045D3FD529BE7D0100456DEC /* MenuCell.swift */,
			);
			path = ScrollableMenuView;
			sourceTree = "<group>";
		};
		045D3FDE29BE807E00456DEC /* TestMenuView */ = {
			isa = PBXGroup;
			children = (
				045D3FDF29BE808600456DEC /* TestMenuViewController.swift */,
				045D3FE129BE808700456DEC /* TestMenuViewCoordinator.swift */,
				045D3FE329BE80EC00456DEC /* TestMenuViewController.storyboard */,
			);
			path = TestMenuView;
			sourceTree = "<group>";
		};
		04D51F0829A6C97F0006676B /* Custom elements */ = {
			isa = PBXGroup;
			children = (
				0419071029C5EC990037F8FC /* ScrollableMenuView */,
				04C60CFC29A6B22A00BACDC0 /* BaseBackgroundView.swift */,
			);
			path = "Custom elements";
			sourceTree = "<group>";
		};
		0869711E2986D8E200E4CA00 /* Frameworks */ = {
			isa = PBXGroup;
			children = (
			);
			name = Frameworks;
			sourceTree = "<group>";
		};
		089F803729D2D3A600748D24 /* Views */ = {
			isa = PBXGroup;
			children = (
				089F803829D2D3B900748D24 /* SecondPageSwiftUIView.swift */,
			);
			path = Views;
			sourceTree = "<group>";
		};
		08E66EEA29BFC3A00013B80A /* Fonts */ = {
			isa = PBXGroup;
			children = (
				08E66EEB29BFC3C70013B80A /* AnonymousPro-Bold.ttf */,
			);
			path = Fonts;
			sourceTree = "<group>";
		};
		1513AF2129BE562F00CD6387 /* Protocols */ = {
			isa = PBXGroup;
			children = (
				1513AF2229BE568900CD6387 /* SwinjectTestPageViewModelProtocol.swift */,
				1513AF2429BE57E000CD6387 /* SwinjectTestPageSubViewControllerViewModelProtocol.swift */,
				1513AF2629BE62B300CD6387 /* SwinjectTestPageViewModelCoordinatorDelegate.swift */,
			);
			path = Protocols;
			sourceTree = "<group>";
		};
		152E04C72984710B00ABCEA2 /* SwinjectTestPageSubcontroller */ = {
			isa = PBXGroup;
			children = (
				152E04C82984717300ABCEA2 /* SwinjectTestPageSubViewController.swift */,
				152E04CA2984718B00ABCEA2 /* SwinjectTestPageSubViewController.storyboard */,
			);
			path = SwinjectTestPageSubcontroller;
			sourceTree = "<group>";
		};
		1537A4AC2974718A007402D5 /* ViewModels */ = {
			isa = PBXGroup;
			children = (
				089F803A29D2D48900748D24 /* SecondPageSwiftUIViewModel.swift */,
				1537A4AD297471A5007402D5 /* SecondPageViewModel.swift */,
			);
			path = ViewModels;
			sourceTree = "<group>";
		};
		1544EC6D29846B1E0080C429 /* SwinjectTestScene */ = {
			isa = PBXGroup;
			children = (
				1544EC6E29846B590080C429 /* SwinjectTestPageCoordinator.swift */,
				1544EC7029846BCC0080C429 /* ViewModels */,
				1544EC7129846BDB0080C429 /* ViewControllers */,
			);
			path = SwinjectTestScene;
			sourceTree = "<group>";
		};
		1544EC7029846BCC0080C429 /* ViewModels */ = {
			isa = PBXGroup;
			children = (
				1513AF2129BE562F00CD6387 /* Protocols */,
				152E04CC298471BD00ABCEA2 /* SwinjectPageViewModel.swift */,
				152E04CE298471FD00ABCEA2 /* SwinjectTestPageSubViewControllerViewModel.swift */,
			);
			path = ViewModels;
			sourceTree = "<group>";
		};
		1544EC7129846BDB0080C429 /* ViewControllers */ = {
			isa = PBXGroup;
			children = (
				152E04C72984710B00ABCEA2 /* SwinjectTestPageSubcontroller */,
				1544EC7229846C8D0080C429 /* SwinjectTestPageViewController.swift */,
				1544EC7429846C9B0080C429 /* SwinjectTestPageViewController.storyboard */,
			);
			path = ViewControllers;
			sourceTree = "<group>";
		};
		15506896298696BB00A81F04 /* DI */ = {
			isa = PBXGroup;
			children = (
				15506897298696D600A81F04 /* ContainerSwinjectTutorial.swift */,
			);
			path = DI;
			sourceTree = "<group>";
		};
		1550689929869A2300A81F04 /* Logger */ = {
			isa = PBXGroup;
			children = (
				155068A02986A2AB00A81F04 /* Protocols */,
				1550689C29869AE800A81F04 /* PlainTextLoggerSwinjectTutorial.swift */,
				1550689E29869BC700A81F04 /* JSONLoggerSwinjectTutorial.swift */,
			);
			path = Logger;
			sourceTree = "<group>";
		};
		155068A02986A2AB00A81F04 /* Protocols */ = {
			isa = PBXGroup;
			children = (
				1550689A29869A4300A81F04 /* LoggerSwinjectTutorialProtocol.swift */,
			);
			path = Protocols;
			sourceTree = "<group>";
		};
		6EA0822929C374930087F7E0 /* FeatureToggle */ = {
			isa = PBXGroup;
			children = (
				6EA0BED629C2F23D0066B9BC /* FeatureToggleProvider.swift */,
				6EC3856B29C87CCF00114D03 /* Feature.swift */,
			);
			path = FeatureToggle;
			sourceTree = "<group>";
		};
		8625B5A629BFB27F00F4A78C /* SecondPageSubcontroller */ = {
			isa = PBXGroup;
			children = (
				8625B5A729BFB2BF00F4A78C /* SecondPageSubViewController.swift */,
				8625B5AD29BFB5A700F4A78C /* SecondPageSubViewController.storyboard */,
			);
			path = SecondPageSubcontroller;
			sourceTree = "<group>";
		};
		DF0C6D1D297D836200DE84AB /* ViewModels */ = {
			isa = PBXGroup;
			children = (
				DF0C6D1E297D839300DE84AB /* ThirdPageViewModel.swift */,
			);
			path = ViewModels;
			sourceTree = "<group>";
		};
		DF0C6D23297D865800DE84AB /* Swinject */ = {
			isa = PBXGroup;
			children = (
				1550689929869A2300A81F04 /* Logger */,
				15506896298696BB00A81F04 /* DI */,
				1544EC6D29846B1E0080C429 /* SwinjectTestScene */,
			);
			path = Swinject;
			sourceTree = "<group>";
		};
		DF0C6D24297D86B000DE84AB /* RxSwift */ = {
			isa = PBXGroup;
			children = (
			);
			path = RxSwift;
			sourceTree = "<group>";
		};
		DF3D3C202969C95700CFCE49 /* ThirdPageScene */ = {
			isa = PBXGroup;
			children = (
				DF0C6D1D297D836200DE84AB /* ViewModels */,
				DF3D3C45296A042F00CFCE49 /* ThirdPageCoordinator.swift */,
				DF3D3C41296A03FD00CFCE49 /* ViewControllers */,
			);
			path = ThirdPageScene;
			sourceTree = "<group>";
		};
		DF3D3C212969C96D00CFCE49 /* FirstPageScene */ = {
			isa = PBXGroup;
			children = (
				DF3D3C37296A031F00CFCE49 /* FirstPageCoordinator.swift */,
				DF3D3C3A296A034C00CFCE49 /* ViewModels */,
				DF3D3C39296A033A00CFCE49 /* ViewControllers */,
			);
			path = FirstPageScene;
			sourceTree = "<group>";
		};
		DF3D3C222969C99900CFCE49 /* SecondPageScene */ = {
			isa = PBXGroup;
			children = (
				089F803729D2D3A600748D24 /* Views */,
				1537A4AC2974718A007402D5 /* ViewModels */,
				DF3D3C43296A042000CFCE49 /* SecondPageCoordinator.swift */,
				DF3D3C3F296A03EE00CFCE49 /* ViewControllers */,
			);
			path = SecondPageScene;
			sourceTree = "<group>";
		};
		DF3D3C252969F59A00CFCE49 /* AuthorizationScene */ = {
			isa = PBXGroup;
			children = (
				DF3D3C312969FF7B00CFCE49 /* AuthorizationCoordinator.swift */,
				DF3D3C342969FF8F00CFCE49 /* ViewControllers */,
				DF3D3C332969FF8600CFCE49 /* ViewModels */,
			);
			path = AuthorizationScene;
			sourceTree = "<group>";
		};
		DF3D3C282969F62A00CFCE49 /* OnboardingScene */ = {
			isa = PBXGroup;
			children = (
				ED0BAF95299ECA5D00B76AF3 /* ViewModels */,
				DF3D3C262969F61700CFCE49 /* OnboardingCoordinator.swift */,
				DF3D3C362969FFAF00CFCE49 /* ViewControllers */,
			);
			path = OnboardingScene;
			sourceTree = "<group>";
		};
		DF3D3C332969FF8600CFCE49 /* ViewModels */ = {
			isa = PBXGroup;
			children = (
				04D44CEE299E9C1D003EADBD /* AuthorizationViewModel.swift */,
			);
			path = ViewModels;
			sourceTree = "<group>";
		};
		DF3D3C342969FF8F00CFCE49 /* ViewControllers */ = {
			isa = PBXGroup;
			children = (
				DF3D3C2D2969FE1700CFCE49 /* AuthorizationViewController.swift */,
				DF3D3C2F2969FE2B00CFCE49 /* AuthorizationViewController.storyboard */,
			);
			path = ViewControllers;
			sourceTree = "<group>";
		};
		DF3D3C362969FFAF00CFCE49 /* ViewControllers */ = {
			isa = PBXGroup;
			children = (
				DF3D3C292969FD5F00CFCE49 /* OnboardingViewController.swift */,
				DF3D3C2B2969FD8A00CFCE49 /* OnboardingViewController.storyboard */,
			);
			path = ViewControllers;
			sourceTree = "<group>";
		};
		DF3D3C39296A033A00CFCE49 /* ViewControllers */ = {
			isa = PBXGroup;
			children = (
				8625B5A629BFB27F00F4A78C /* SecondPageSubcontroller */,
				DF3E2E94296B234800810694 /* FirstPageSubcontroller */,
				DF3D3C3B296A036700CFCE49 /* FirstPageViewController.swift */,
				DF3D3C3D296A036F00CFCE49 /* FirstPageViewController.storyboard */,
			);
			path = ViewControllers;
			sourceTree = "<group>";
		};
		DF3D3C3A296A034C00CFCE49 /* ViewModels */ = {
			isa = PBXGroup;
			children = (
				DF3E2E92296A15E500810694 /* FirstPageViewModel.swift */,
				DF3E2E99296B23AF00810694 /* FirstPageSubViewControllerViewModel.swift */,
				8625B5A929BFB4AF00F4A78C /* SecondPageSubViewControllerViewModel.swift */,
			);
			path = ViewModels;
			sourceTree = "<group>";
		};
		DF3D3C3F296A03EE00CFCE49 /* ViewControllers */ = {
			isa = PBXGroup;
			children = (
				DF3D3C47296A045B00CFCE49 /* SecondPageViewController.swift */,
				DF3D3C49296A048500CFCE49 /* SecondPageViewController.storyboard */,
			);
			path = ViewControllers;
			sourceTree = "<group>";
		};
		DF3D3C41296A03FD00CFCE49 /* ViewControllers */ = {
			isa = PBXGroup;
			children = (
				DF3D3C4B296A051400CFCE49 /* ThirdPageViewController.swift */,
				DF3D3C4D296A052000CFCE49 /* ThirdPageViewController.storyboard */,
			);
			path = ViewControllers;
			sourceTree = "<group>";
		};
		DF3E2E8E296A0E4900810694 /* TabBar */ = {
			isa = PBXGroup;
			children = (
				DF3D3C232969D01300CFCE49 /* MainTabBarCoordinator.swift */,
				DF3E2E8F296A0E7800810694 /* MainTabBarController.swift */,
			);
			path = TabBar;
			sourceTree = "<group>";
		};
		DF3E2E94296B234800810694 /* FirstPageSubcontroller */ = {
			isa = PBXGroup;
			children = (
				DF3E2E95296B237C00810694 /* FirstPageSubViewController.swift */,
				DF3E2E97296B238D00810694 /* FirstPageSubViewController.storyboard */,
			);
			path = FirstPageSubcontroller;
			sourceTree = "<group>";
		};
		DF4D3E222966004600070D79 /* TUTORIALS */ = {
			isa = PBXGroup;
			children = (
				F4B1314429E44567005760B6 /* ApplicationScene */,
				F4B1314529E4457C005760B6 /* TutorialScene */,
				F4B1314329E44512005760B6 /* MainMenuScene */,
				DF0C6D24297D86B000DE84AB /* RxSwift */,
				DF0C6D23297D865800DE84AB /* Swinject */,
			);
			path = TUTORIALS;
			sourceTree = "<group>";
		};
		DF4D3E24296600A000070D79 /* Base */ = {
			isa = PBXGroup;
			children = (
				DFF2365D294F73180009AF47 /* BaseViewController.swift */,
			);
			path = Base;
			sourceTree = "<group>";
		};
		DF75E43829341212005B249E = {
			isa = PBXGroup;
			children = (
				DF75E44329341212005B249E /* Skylab */,
				DF75E45A29341214005B249E /* SkylabTests */,
				DF75E46429341214005B249E /* SkylabUITests */,
				DF75E44229341212005B249E /* Products */,
				0869711E2986D8E200E4CA00 /* Frameworks */,
			);
			sourceTree = "<group>";
		};
		DF75E44229341212005B249E /* Products */ = {
			isa = PBXGroup;
			children = (
				DF75E44129341212005B249E /* Skylab.app */,
				DF75E45729341214005B249E /* SkylabTests.xctest */,
				DF75E46129341214005B249E /* SkylabUITests.xctest */,
			);
			name = Products;
			sourceTree = "<group>";
		};
		DF75E44329341212005B249E /* Skylab */ = {
			isa = PBXGroup;
			children = (
				6EA0822929C374930087F7E0 /* FeatureToggle */,
				DF4D3E222966004600070D79 /* TUTORIALS */,
				DFF2364E294F6E650009AF47 /* Scenes */,
				DFF2364B294F6D4F0009AF47 /* Extensions */,
				04D51F0829A6C97F0006676B /* Custom elements */,
				DF4D3E24296600A000070D79 /* Base */,
				DFF23643294F6A4C0009AF47 /* Common */,
				08E66EEA29BFC3A00013B80A /* Fonts */,
				DF75E44429341212005B249E /* AppDelegate.swift */,
				DF75E44D29341214005B249E /* Assets.xcassets */,
				DF75E45229341214005B249E /* Info.plist */,
				F4881E0F29E5895800F83E44 /* Debug.plist */,
				6EA0BEC929C0DD2C0066B9BC /* GoogleService-Info.plist */,
				F4881E0D29E588A400F83E44 /* Configurations */,
				F4881E1129E589F300F83E44 /* EnviromentHelper.swift */,
			);
			path = Skylab;
			sourceTree = "<group>";
		};
		DF75E45A29341214005B249E /* SkylabTests */ = {
			isa = PBXGroup;
			children = (
				DF75E45B29341214005B249E /* SkylabTests.swift */,
			);
			path = SkylabTests;
			sourceTree = "<group>";
		};
		DF75E46429341214005B249E /* SkylabUITests */ = {
			isa = PBXGroup;
			children = (
				DF75E46529341214005B249E /* SkylabUITests.swift */,
				DF75E46729341214005B249E /* SkylabUITestsLaunchTests.swift */,
			);
			path = SkylabUITests;
			sourceTree = "<group>";
		};
		DFF23643294F6A4C0009AF47 /* Common */ = {
			isa = PBXGroup;
			children = (
				DFF2364F294F6ED00009AF47 /* Storyboarded.swift */,
			);
			path = Common;
			sourceTree = "<group>";
		};
		DFF2364B294F6D4F0009AF47 /* Extensions */ = {
			isa = PBXGroup;
			children = (
			);
			path = Extensions;
			sourceTree = "<group>";
		};
		DFF2364E294F6E650009AF47 /* Scenes */ = {
			isa = PBXGroup;
			children = (
				DF75E44F29341214005B249E /* LaunchScreen.storyboard */,
				DFF23641294F69EE0009AF47 /* Coordinator.swift */,
				DF4D3E2C29660FEB00070D79 /* AppCoordinator.swift */,
				045D3FDE29BE807E00456DEC /* TestMenuView */,
				DF3E2E8E296A0E4900810694 /* TabBar */,
				DF3D3C282969F62A00CFCE49 /* OnboardingScene */,
				DF3D3C252969F59A00CFCE49 /* AuthorizationScene */,
				DF3D3C212969C96D00CFCE49 /* FirstPageScene */,
				DF3D3C222969C99900CFCE49 /* SecondPageScene */,
				DF3D3C202969C95700CFCE49 /* ThirdPageScene */,
			);
			path = Scenes;
			sourceTree = "<group>";
		};
		ED0BAF95299ECA5D00B76AF3 /* ViewModels */ = {
			isa = PBXGroup;
			children = (
				ED0BAF98299ED1DD00B76AF3 /* OnboardingViewModel.swift */,
			);
			path = ViewModels;
			sourceTree = "<group>";
		};
		F4881E0D29E588A400F83E44 /* Configurations */ = {
			isa = PBXGroup;
			children = (
				F4881E0E29E588B800F83E44 /* Debug.xcconfig */,
			);
			path = Configurations;
			sourceTree = "<group>";
		};
		F4881E1329E5954E00F83E44 /* Cell */ = {
			isa = PBXGroup;
			children = (
				F4881E1429E5956B00F83E44 /* TutorialTableViewCell.swift */,
			);
			path = Cell;
			sourceTree = "<group>";
		};
		F48CE07A29E6A342008A47F5 /* ViewModels */ = {
			isa = PBXGroup;
			children = (
				F48CE08429E6A96F008A47F5 /* Protocols */,
				F48CE07B29E6A358008A47F5 /* MainMenuViewModel.swift */,
			);
			path = ViewModels;
			sourceTree = "<group>";
		};
		F48CE07F29E6A46B008A47F5 /* ViewModels */ = {
			isa = PBXGroup;
			children = (
				F48CE08029E6A745008A47F5 /* Protocols */,
				F48CE07D29E6A45C008A47F5 /* TutorialViewModel.swift */,
			);
			path = ViewModels;
			sourceTree = "<group>";
		};
		F48CE08029E6A745008A47F5 /* Protocols */ = {
			isa = PBXGroup;
			children = (
				F48CE08129E6A758008A47F5 /* TutorialViewModelProtocol.swift */,
			);
			path = Protocols;
			sourceTree = "<group>";
		};
		F48CE08329E6A80D008A47F5 /* ViewModels */ = {
			isa = PBXGroup;
			children = (
			);
			path = ViewModels;
			sourceTree = "<group>";
		};
		F48CE08429E6A96F008A47F5 /* Protocols */ = {
			isa = PBXGroup;
			children = (
				F48CE08529E6A97C008A47F5 /* MainMenuViewModelProtocol.swift */,
				F48CE08729E6AC47008A47F5 /* MainMenuCoordinatorDelegate.swift */,
			);
			path = Protocols;
			sourceTree = "<group>";
		};
		F48CE08929E6C610008A47F5 /* DI */ = {
			isa = PBXGroup;
			children = (
				F48CE08A29E6C63F008A47F5 /* ContainerMainMenu.swift */,
			);
			path = DI;
			sourceTree = "<group>";
		};
		F4B1314329E44512005760B6 /* MainMenuScene */ = {
			isa = PBXGroup;
			children = (
				F4881E0B29E582F400F83E44 /* MainMenuCoordinator.swift */,
				F48CE08929E6C610008A47F5 /* DI */,
				F48CE07A29E6A342008A47F5 /* ViewModels */,
				F4B1314A29E4460E005760B6 /* ViewControllers */,
			);
			path = MainMenuScene;
			sourceTree = "<group>";
		};
		F4B1314429E44567005760B6 /* ApplicationScene */ = {
			isa = PBXGroup;
			children = (
				F48CE08329E6A80D008A47F5 /* ViewModels */,
				F4B1314B29E44633005760B6 /* ViewControllers */,
			);
			path = ApplicationScene;
			sourceTree = "<group>";
		};
		F4B1314529E4457C005760B6 /* TutorialScene */ = {
			isa = PBXGroup;
			children = (
				F4881E1329E5954E00F83E44 /* Cell */,
				F48CE07F29E6A46B008A47F5 /* ViewModels */,
				F4B1315029E4466C005760B6 /* ViewControllers */,
			);
			path = TutorialScene;
			sourceTree = "<group>";
		};
		F4B1314A29E4460E005760B6 /* ViewControllers */ = {
			isa = PBXGroup;
			children = (
				F4B1314829E445E2005760B6 /* MainMenuViewController.swift */,
				F4B1314629E445A2005760B6 /* MainMenuViewController.storyboard */,
			);
			path = ViewControllers;
			sourceTree = "<group>";
		};
		F4B1314B29E44633005760B6 /* ViewControllers */ = {
			isa = PBXGroup;
			children = (
				F4B1314C29E4464F005760B6 /* ApplicationViewController.swift */,
				F4B1314E29E4465A005760B6 /* ApplicationViewController.storyboard */,
			);
			path = ViewControllers;
			sourceTree = "<group>";
		};
		F4B1315029E4466C005760B6 /* ViewControllers */ = {
			isa = PBXGroup;
			children = (
				F4B1315129E4468C005760B6 /* TutorialViewController.swift */,
				F4B1315329E4469F005760B6 /* TutorialViewController.storyboard */,
			);
			path = ViewControllers;
			sourceTree = "<group>";
		};
/* End PBXGroup section */

/* Begin PBXNativeTarget section */
		DF75E44029341212005B249E /* Skylab */ = {
			isa = PBXNativeTarget;
			buildConfigurationList = DF75E46B29341214005B249E /* Build configuration list for PBXNativeTarget "Skylab" */;
			buildPhases = (
				DF75E43D29341212005B249E /* Sources */,
				DF75E43E29341212005B249E /* Frameworks */,
				DF75E43F29341212005B249E /* Resources */,
			);
			buildRules = (
			);
			dependencies = (
			);
			name = Skylab;
			packageProductDependencies = (
				DF0C6D21297D85E300DE84AB /* Alamofire */,
				08697116298430B600E4CA00 /* RxCocoa */,
				08697118298430B600E4CA00 /* RxRelay */,
				0869711A298430B600E4CA00 /* RxSwift */,
				152E04D1298474EC00ABCEA2 /* Swinject */,
				6E9A2D5D29CBAC1500D1E78B /* FirebaseRemoteConfig */,
			);
			productName = Skylab;
			productReference = DF75E44129341212005B249E /* Skylab.app */;
			productType = "com.apple.product-type.application";
		};
		DF75E45629341214005B249E /* SkylabTests */ = {
			isa = PBXNativeTarget;
			buildConfigurationList = DF75E46E29341214005B249E /* Build configuration list for PBXNativeTarget "SkylabTests" */;
			buildPhases = (
				DF75E45329341214005B249E /* Sources */,
				DF75E45429341214005B249E /* Frameworks */,
				DF75E45529341214005B249E /* Resources */,
			);
			buildRules = (
			);
			dependencies = (
				DF75E45929341214005B249E /* PBXTargetDependency */,
			);
			name = SkylabTests;
			packageProductDependencies = (
				0869711F2986D8E200E4CA00 /* RxCocoa */,
			);
			productName = SkylabTests;
			productReference = DF75E45729341214005B249E /* SkylabTests.xctest */;
			productType = "com.apple.product-type.bundle.unit-test";
		};
		DF75E46029341214005B249E /* SkylabUITests */ = {
			isa = PBXNativeTarget;
			buildConfigurationList = DF75E47129341214005B249E /* Build configuration list for PBXNativeTarget "SkylabUITests" */;
			buildPhases = (
				DF75E45D29341214005B249E /* Sources */,
				DF75E45E29341214005B249E /* Frameworks */,
				DF75E45F29341214005B249E /* Resources */,
			);
			buildRules = (
			);
			dependencies = (
				DF75E46329341214005B249E /* PBXTargetDependency */,
			);
			name = SkylabUITests;
			productName = SkylabUITests;
			productReference = DF75E46129341214005B249E /* SkylabUITests.xctest */;
			productType = "com.apple.product-type.bundle.ui-testing";
		};
/* End PBXNativeTarget section */

/* Begin PBXProject section */
		DF75E43929341212005B249E /* Project object */ = {
			isa = PBXProject;
			attributes = {
				BuildIndependentTargetsInParallel = 1;
				LastSwiftUpdateCheck = 1400;
				LastUpgradeCheck = 1400;
				TargetAttributes = {
					DF75E44029341212005B249E = {
						CreatedOnToolsVersion = 14.0;
					};
					DF75E45629341214005B249E = {
						CreatedOnToolsVersion = 14.0;
						TestTargetID = DF75E44029341212005B249E;
					};
					DF75E46029341214005B249E = {
						CreatedOnToolsVersion = 14.0;
						TestTargetID = DF75E44029341212005B249E;
					};
				};
			};
			buildConfigurationList = DF75E43C29341212005B249E /* Build configuration list for PBXProject "Skylab" */;
			compatibilityVersion = "Xcode 14.0";
			developmentRegion = en;
			hasScannedForEncodings = 0;
			knownRegions = (
				en,
				Base,
			);
			mainGroup = DF75E43829341212005B249E;
			packageReferences = (
				DF0C6D20297D85E300DE84AB /* XCRemoteSwiftPackageReference "Alamofire" */,
				08697115298430B600E4CA00 /* XCRemoteSwiftPackageReference "RxSwift" */,
				152E04D0298474EC00ABCEA2 /* XCRemoteSwiftPackageReference "Swinject" */,
				6E9A2D5C29CBAC1500D1E78B /* XCRemoteSwiftPackageReference "firebase-ios-sdk" */,
			);
			productRefGroup = DF75E44229341212005B249E /* Products */;
			projectDirPath = "";
			projectRoot = "";
			targets = (
				DF75E44029341212005B249E /* Skylab */,
				DF75E45629341214005B249E /* SkylabTests */,
				DF75E46029341214005B249E /* SkylabUITests */,
			);
		};
/* End PBXProject section */

/* Begin PBXResourcesBuildPhase section */
		DF75E43F29341212005B249E /* Resources */ = {
			isa = PBXResourcesBuildPhase;
			buildActionMask = 2147483647;
			files = (
				1544EC7529846C9B0080C429 /* SwinjectTestPageViewController.storyboard in Resources */,
				F4B1314F29E4465A005760B6 /* ApplicationViewController.storyboard in Resources */,
				08E66EEC29BFC5500013B80A /* AnonymousPro-Bold.ttf in Resources */,
				DF3D3C2C2969FD8A00CFCE49 /* OnboardingViewController.storyboard in Resources */,
				DF3D3C3E296A036F00CFCE49 /* FirstPageViewController.storyboard in Resources */,
				045D3FE429BE80EC00456DEC /* TestMenuViewController.storyboard in Resources */,
				DF3E2E98296B238D00810694 /* FirstPageSubViewController.storyboard in Resources */,
				DF75E45129341214005B249E /* LaunchScreen.storyboard in Resources */,
				F4B1314729E445A2005760B6 /* MainMenuViewController.storyboard in Resources */,
				152E04CB2984718B00ABCEA2 /* SwinjectTestPageSubViewController.storyboard in Resources */,
				DF3D3C302969FE2B00CFCE49 /* AuthorizationViewController.storyboard in Resources */,
				F4B1315429E4469F005760B6 /* TutorialViewController.storyboard in Resources */,
				DF75E44E29341214005B249E /* Assets.xcassets in Resources */,
				6EA0BECA29C0DD2D0066B9BC /* GoogleService-Info.plist in Resources */,
				DF3D3C4E296A052000CFCE49 /* ThirdPageViewController.storyboard in Resources */,
				DF3D3C4A296A048500CFCE49 /* SecondPageViewController.storyboard in Resources */,
				8625B5AE29BFB5A700F4A78C /* SecondPageSubViewController.storyboard in Resources */,
			);
			runOnlyForDeploymentPostprocessing = 0;
		};
		DF75E45529341214005B249E /* Resources */ = {
			isa = PBXResourcesBuildPhase;
			buildActionMask = 2147483647;
			files = (
			);
			runOnlyForDeploymentPostprocessing = 0;
		};
		DF75E45F29341214005B249E /* Resources */ = {
			isa = PBXResourcesBuildPhase;
			buildActionMask = 2147483647;
			files = (
			);
			runOnlyForDeploymentPostprocessing = 0;
		};
/* End PBXResourcesBuildPhase section */

/* Begin PBXSourcesBuildPhase section */
		DF75E43D29341212005B249E /* Sources */ = {
			isa = PBXSourcesBuildPhase;
			buildActionMask = 2147483647;
			files = (
				8625B5A829BFB2BF00F4A78C /* SecondPageSubViewController.swift in Sources */,
				1513AF2729BE62B400CD6387 /* SwinjectTestPageViewModelCoordinatorDelegate.swift in Sources */,
				DF3D3C2E2969FE1700CFCE49 /* AuthorizationViewController.swift in Sources */,
				DFF2365E294F73180009AF47 /* BaseViewController.swift in Sources */,
				045D3FD629BE7D0100456DEC /* MenuCell.swift in Sources */,
				DF3E2E96296B237C00810694 /* FirstPageSubViewController.swift in Sources */,
				F4881E1229E589F300F83E44 /* EnviromentHelper.swift in Sources */,
				DF3D3C3C296A036700CFCE49 /* FirstPageViewController.swift in Sources */,
				1513AF2529BE57E000CD6387 /* SwinjectTestPageSubViewControllerViewModelProtocol.swift in Sources */,
				6EC3856C29C87CCF00114D03 /* Feature.swift in Sources */,
				0466127A29C5E9FB002CAC3E /* ScrollableMenuLayout.swift in Sources */,
				F4881E0C29E582F400F83E44 /* MainMenuCoordinator.swift in Sources */,
				152E04CD298471BD00ABCEA2 /* SwinjectPageViewModel.swift in Sources */,
				DF3E2E93296A15E500810694 /* FirstPageViewModel.swift in Sources */,
				DF3D3C4F296A058100CFCE49 /* FirstPageCoordinator.swift in Sources */,
				F4B1315229E4468C005760B6 /* TutorialViewController.swift in Sources */,
				8625B5AA29BFB4AF00F4A78C /* SecondPageSubViewControllerViewModel.swift in Sources */,
				DF3D3C46296A042F00CFCE49 /* ThirdPageCoordinator.swift in Sources */,
				04D44CEF299E9C1D003EADBD /* AuthorizationViewModel.swift in Sources */,
				DF3D3C2A2969FD5F00CFCE49 /* OnboardingViewController.swift in Sources */,
				F48CE08229E6A758008A47F5 /* TutorialViewModelProtocol.swift in Sources */,
				04C60CFD29A6B22A00BACDC0 /* BaseBackgroundView.swift in Sources */,
				6EA0BED729C2F23D0066B9BC /* FeatureToggleProvider.swift in Sources */,
				15506898298696D600A81F04 /* ContainerSwinjectTutorial.swift in Sources */,
				1544EC6F29846B590080C429 /* SwinjectTestPageCoordinator.swift in Sources */,
				1550689F29869BC700A81F04 /* JSONLoggerSwinjectTutorial.swift in Sources */,
				089F803B29D2D48900748D24 /* SecondPageSwiftUIViewModel.swift in Sources */,
				DF4D3E2D29660FEB00070D79 /* AppCoordinator.swift in Sources */,
				DF3D3C44296A042000CFCE49 /* SecondPageCoordinator.swift in Sources */,
				DF3D3C4C296A051400CFCE49 /* ThirdPageViewController.swift in Sources */,
				DF0C6D1F297D839300DE84AB /* ThirdPageViewModel.swift in Sources */,
				045D3FD129BE785F00456DEC /* ScrollableMenuView.swift in Sources */,
				F48CE08829E6AC47008A47F5 /* MainMenuCoordinatorDelegate.swift in Sources */,
				F4881E1529E5956B00F83E44 /* TutorialTableViewCell.swift in Sources */,
				1550689D29869AE800A81F04 /* PlainTextLoggerSwinjectTutorial.swift in Sources */,
				1513AF2329BE568900CD6387 /* SwinjectTestPageViewModelProtocol.swift in Sources */,
				DF75E44529341212005B249E /* AppDelegate.swift in Sources */,
				045D3FE229BE808700456DEC /* TestMenuViewCoordinator.swift in Sources */,
				089F803929D2D3B900748D24 /* SecondPageSwiftUIView.swift in Sources */,
				DF3E2E91296A0F3400810694 /* SecondPageViewController.swift in Sources */,
				1544EC7329846C8D0080C429 /* SwinjectTestPageViewController.swift in Sources */,
				152E04C92984717300ABCEA2 /* SwinjectTestPageSubViewController.swift in Sources */,
				DF3D3C242969D01300CFCE49 /* MainTabBarCoordinator.swift in Sources */,
				DFF23650294F6ED00009AF47 /* Storyboarded.swift in Sources */,
				DFF23642294F69EE0009AF47 /* Coordinator.swift in Sources */,
				1550689B29869A4300A81F04 /* LoggerSwinjectTutorialProtocol.swift in Sources */,
				F48CE08629E6A97C008A47F5 /* MainMenuViewModelProtocol.swift in Sources */,
				DF3E2E90296A0E7800810694 /* MainTabBarController.swift in Sources */,
				ED0BAF99299ED1DD00B76AF3 /* OnboardingViewModel.swift in Sources */,
				045D3FE029BE808600456DEC /* TestMenuViewController.swift in Sources */,
				DF3D3C272969F61700CFCE49 /* OnboardingCoordinator.swift in Sources */,
				DF3E2E9A296B23AF00810694 /* FirstPageSubViewControllerViewModel.swift in Sources */,
				F4B1314D29E4464F005760B6 /* ApplicationViewController.swift in Sources */,
				F48CE07E29E6A45C008A47F5 /* TutorialViewModel.swift in Sources */,
				DF3D3C322969FF7B00CFCE49 /* AuthorizationCoordinator.swift in Sources */,
				F4B1314929E445E2005760B6 /* MainMenuViewController.swift in Sources */,
				F48CE07C29E6A358008A47F5 /* MainMenuViewModel.swift in Sources */,
				152E04CF298471FD00ABCEA2 /* SwinjectTestPageSubViewControllerViewModel.swift in Sources */,
				1537A4AE297471A5007402D5 /* SecondPageViewModel.swift in Sources */,
				F48CE08B29E6C63F008A47F5 /* ContainerMainMenu.swift in Sources */,
			);
			runOnlyForDeploymentPostprocessing = 0;
		};
		DF75E45329341214005B249E /* Sources */ = {
			isa = PBXSourcesBuildPhase;
			buildActionMask = 2147483647;
			files = (
				DF75E45C29341214005B249E /* SkylabTests.swift in Sources */,
			);
			runOnlyForDeploymentPostprocessing = 0;
		};
		DF75E45D29341214005B249E /* Sources */ = {
			isa = PBXSourcesBuildPhase;
			buildActionMask = 2147483647;
			files = (
				DF75E46829341214005B249E /* SkylabUITestsLaunchTests.swift in Sources */,
				DF75E46629341214005B249E /* SkylabUITests.swift in Sources */,
			);
			runOnlyForDeploymentPostprocessing = 0;
		};
/* End PBXSourcesBuildPhase section */

/* Begin PBXTargetDependency section */
		DF75E45929341214005B249E /* PBXTargetDependency */ = {
			isa = PBXTargetDependency;
			target = DF75E44029341212005B249E /* Skylab */;
			targetProxy = DF75E45829341214005B249E /* PBXContainerItemProxy */;
		};
		DF75E46329341214005B249E /* PBXTargetDependency */ = {
			isa = PBXTargetDependency;
			target = DF75E44029341212005B249E /* Skylab */;
			targetProxy = DF75E46229341214005B249E /* PBXContainerItemProxy */;
		};
/* End PBXTargetDependency section */

/* Begin PBXVariantGroup section */
		DF75E44F29341214005B249E /* LaunchScreen.storyboard */ = {
			isa = PBXVariantGroup;
			children = (
				DF75E45029341214005B249E /* Base */,
			);
			name = LaunchScreen.storyboard;
			sourceTree = "<group>";
		};
/* End PBXVariantGroup section */

/* Begin XCBuildConfiguration section */
		DF75E46929341214005B249E /* Debug */ = {
			isa = XCBuildConfiguration;
			buildSettings = {
				ALWAYS_SEARCH_USER_PATHS = NO;
				CLANG_ANALYZER_NONNULL = YES;
				CLANG_ANALYZER_NUMBER_OBJECT_CONVERSION = YES_AGGRESSIVE;
				CLANG_CXX_LANGUAGE_STANDARD = "gnu++20";
				CLANG_ENABLE_MODULES = YES;
				CLANG_ENABLE_OBJC_ARC = YES;
				CLANG_ENABLE_OBJC_WEAK = YES;
				CLANG_WARN_BLOCK_CAPTURE_AUTORELEASING = YES;
				CLANG_WARN_BOOL_CONVERSION = YES;
				CLANG_WARN_COMMA = YES;
				CLANG_WARN_CONSTANT_CONVERSION = YES;
				CLANG_WARN_DEPRECATED_OBJC_IMPLEMENTATIONS = YES;
				CLANG_WARN_DIRECT_OBJC_ISA_USAGE = YES_ERROR;
				CLANG_WARN_DOCUMENTATION_COMMENTS = YES;
				CLANG_WARN_EMPTY_BODY = YES;
				CLANG_WARN_ENUM_CONVERSION = YES;
				CLANG_WARN_INFINITE_RECURSION = YES;
				CLANG_WARN_INT_CONVERSION = YES;
				CLANG_WARN_NON_LITERAL_NULL_CONVERSION = YES;
				CLANG_WARN_OBJC_IMPLICIT_RETAIN_SELF = YES;
				CLANG_WARN_OBJC_LITERAL_CONVERSION = YES;
				CLANG_WARN_OBJC_ROOT_CLASS = YES_ERROR;
				CLANG_WARN_QUOTED_INCLUDE_IN_FRAMEWORK_HEADER = YES;
				CLANG_WARN_RANGE_LOOP_ANALYSIS = YES;
				CLANG_WARN_STRICT_PROTOTYPES = YES;
				CLANG_WARN_SUSPICIOUS_MOVE = YES;
				CLANG_WARN_UNGUARDED_AVAILABILITY = YES_AGGRESSIVE;
				CLANG_WARN_UNREACHABLE_CODE = YES;
				CLANG_WARN__DUPLICATE_METHOD_MATCH = YES;
				COPY_PHASE_STRIP = NO;
				DEBUG_INFORMATION_FORMAT = dwarf;
				ENABLE_STRICT_OBJC_MSGSEND = YES;
				ENABLE_TESTABILITY = YES;
				GCC_C_LANGUAGE_STANDARD = gnu11;
				GCC_DYNAMIC_NO_PIC = NO;
				GCC_NO_COMMON_BLOCKS = YES;
				GCC_OPTIMIZATION_LEVEL = 0;
				GCC_PREPROCESSOR_DEFINITIONS = (
					"DEBUG=1",
					"$(inherited)",
				);
				GCC_WARN_64_TO_32_BIT_CONVERSION = YES;
				GCC_WARN_ABOUT_RETURN_TYPE = YES_ERROR;
				GCC_WARN_UNDECLARED_SELECTOR = YES;
				GCC_WARN_UNINITIALIZED_AUTOS = YES_AGGRESSIVE;
				GCC_WARN_UNUSED_FUNCTION = YES;
				GCC_WARN_UNUSED_VARIABLE = YES;
				IPHONEOS_DEPLOYMENT_TARGET = 16.0;
				MTL_ENABLE_DEBUG_INFO = INCLUDE_SOURCE;
				MTL_FAST_MATH = YES;
				ONLY_ACTIVE_ARCH = YES;
				SDKROOT = iphoneos;
				SWIFT_ACTIVE_COMPILATION_CONDITIONS = DEBUG;
				SWIFT_OPTIMIZATION_LEVEL = "-Onone";
			};
			name = Debug;
		};
		DF75E46A29341214005B249E /* Release */ = {
			isa = XCBuildConfiguration;
			buildSettings = {
				ALWAYS_SEARCH_USER_PATHS = NO;
				CLANG_ANALYZER_NONNULL = YES;
				CLANG_ANALYZER_NUMBER_OBJECT_CONVERSION = YES_AGGRESSIVE;
				CLANG_CXX_LANGUAGE_STANDARD = "gnu++20";
				CLANG_ENABLE_MODULES = YES;
				CLANG_ENABLE_OBJC_ARC = YES;
				CLANG_ENABLE_OBJC_WEAK = YES;
				CLANG_WARN_BLOCK_CAPTURE_AUTORELEASING = YES;
				CLANG_WARN_BOOL_CONVERSION = YES;
				CLANG_WARN_COMMA = YES;
				CLANG_WARN_CONSTANT_CONVERSION = YES;
				CLANG_WARN_DEPRECATED_OBJC_IMPLEMENTATIONS = YES;
				CLANG_WARN_DIRECT_OBJC_ISA_USAGE = YES_ERROR;
				CLANG_WARN_DOCUMENTATION_COMMENTS = YES;
				CLANG_WARN_EMPTY_BODY = YES;
				CLANG_WARN_ENUM_CONVERSION = YES;
				CLANG_WARN_INFINITE_RECURSION = YES;
				CLANG_WARN_INT_CONVERSION = YES;
				CLANG_WARN_NON_LITERAL_NULL_CONVERSION = YES;
				CLANG_WARN_OBJC_IMPLICIT_RETAIN_SELF = YES;
				CLANG_WARN_OBJC_LITERAL_CONVERSION = YES;
				CLANG_WARN_OBJC_ROOT_CLASS = YES_ERROR;
				CLANG_WARN_QUOTED_INCLUDE_IN_FRAMEWORK_HEADER = YES;
				CLANG_WARN_RANGE_LOOP_ANALYSIS = YES;
				CLANG_WARN_STRICT_PROTOTYPES = YES;
				CLANG_WARN_SUSPICIOUS_MOVE = YES;
				CLANG_WARN_UNGUARDED_AVAILABILITY = YES_AGGRESSIVE;
				CLANG_WARN_UNREACHABLE_CODE = YES;
				CLANG_WARN__DUPLICATE_METHOD_MATCH = YES;
				COPY_PHASE_STRIP = NO;
				DEBUG_INFORMATION_FORMAT = "dwarf-with-dsym";
				ENABLE_NS_ASSERTIONS = NO;
				ENABLE_STRICT_OBJC_MSGSEND = YES;
				GCC_C_LANGUAGE_STANDARD = gnu11;
				GCC_NO_COMMON_BLOCKS = YES;
				GCC_WARN_64_TO_32_BIT_CONVERSION = YES;
				GCC_WARN_ABOUT_RETURN_TYPE = YES_ERROR;
				GCC_WARN_UNDECLARED_SELECTOR = YES;
				GCC_WARN_UNINITIALIZED_AUTOS = YES_AGGRESSIVE;
				GCC_WARN_UNUSED_FUNCTION = YES;
				GCC_WARN_UNUSED_VARIABLE = YES;
				IPHONEOS_DEPLOYMENT_TARGET = 16.0;
				MTL_ENABLE_DEBUG_INFO = NO;
				MTL_FAST_MATH = YES;
				SDKROOT = iphoneos;
				SWIFT_COMPILATION_MODE = wholemodule;
				SWIFT_OPTIMIZATION_LEVEL = "-O";
				VALIDATE_PRODUCT = YES;
			};
			name = Release;
		};
		DF75E46C29341214005B249E /* Debug */ = {
			isa = XCBuildConfiguration;
			buildSettings = {
				APP_NAME = Skylab;
				ASSETCATALOG_COMPILER_APPICON_NAME = AppIcon;
				ASSETCATALOG_COMPILER_GLOBAL_ACCENT_COLOR_NAME = AccentColor;
				CODE_SIGN_STYLE = Automatic;
				CURRENT_PROJECT_VERSION = 1;
				DEVELOPMENT_TEAM = "";
				GENERATE_INFOPLIST_FILE = YES;
				INFOPLIST_FILE = Skylab/Info.plist;
				INFOPLIST_KEY_UIApplicationSupportsIndirectInputEvents = YES;
				INFOPLIST_KEY_UILaunchStoryboardName = LaunchScreen;
				INFOPLIST_KEY_UISupportedInterfaceOrientations = UIInterfaceOrientationPortrait;
				IPHONEOS_DEPLOYMENT_TARGET = 14.0;
				LD_RUNPATH_SEARCH_PATHS = (
					"$(inherited)",
					"@executable_path/Frameworks",
				);
				MARKETING_VERSION = 1.0;
				PRODUCT_BUNDLE_IDENTIFIER = "skylab-main.Skylab-debug";
				PRODUCT_NAME = "$(TARGET_NAME)";
				SWIFT_ACTIVE_COMPILATION_CONDITIONS = "DEBUG LOCAL";
				SWIFT_EMIT_LOC_STRINGS = YES;
				SWIFT_VERSION = 5.0;
				TARGETED_DEVICE_FAMILY = "1,2";
			};
			name = Debug;
		};
		DF75E46D29341214005B249E /* Release */ = {
			isa = XCBuildConfiguration;
			buildSettings = {
				APP_NAME = Skylab;
				ASSETCATALOG_COMPILER_APPICON_NAME = AppIcon;
				ASSETCATALOG_COMPILER_GLOBAL_ACCENT_COLOR_NAME = AccentColor;
				CODE_SIGN_STYLE = Automatic;
				CURRENT_PROJECT_VERSION = 1;
				DEVELOPMENT_TEAM = "";
				GENERATE_INFOPLIST_FILE = YES;
				INFOPLIST_FILE = Skylab/Info.plist;
				INFOPLIST_KEY_UIApplicationSupportsIndirectInputEvents = YES;
				INFOPLIST_KEY_UILaunchStoryboardName = LaunchScreen;
				INFOPLIST_KEY_UISupportedInterfaceOrientations = UIInterfaceOrientationPortrait;
				IPHONEOS_DEPLOYMENT_TARGET = 14.0;
				LD_RUNPATH_SEARCH_PATHS = (
					"$(inherited)",
					"@executable_path/Frameworks",
				);
				MARKETING_VERSION = 1.0;
				PRODUCT_BUNDLE_IDENTIFIER = "skylab-main.Skylab-release";
				PRODUCT_NAME = "$(TARGET_NAME)";
				SWIFT_EMIT_LOC_STRINGS = YES;
				SWIFT_VERSION = 5.0;
				TARGETED_DEVICE_FAMILY = "1,2";
			};
			name = Release;
		};
		DF75E46F29341214005B249E /* Debug */ = {
			isa = XCBuildConfiguration;
			buildSettings = {
				ALWAYS_EMBED_SWIFT_STANDARD_LIBRARIES = YES;
				BUNDLE_LOADER = "$(TEST_HOST)";
				CODE_SIGN_STYLE = Automatic;
				CURRENT_PROJECT_VERSION = 1;
				DEVELOPMENT_TEAM = 62VCSAZRF3;
				GENERATE_INFOPLIST_FILE = YES;
				IPHONEOS_DEPLOYMENT_TARGET = 16.0;
				MARKETING_VERSION = 1.0;
				OTHER_LDFLAGS = "";
				OTHER_SWIFT_FLAGS = "-Xcc -fmodule-map-file=\"$GENERATED_MODULEMAP_DIR/FirebaseCore.modulemap\" -Xcc -fmodule-map-file=\"$GENERATED_MODULEMAP_DIR/FirebaseRemoteConfig.modulemap\"";
				PRODUCT_BUNDLE_IDENTIFIER = "skylab-main.SkylabTests";
				PRODUCT_NAME = "$(TARGET_NAME)";
				SWIFT_EMIT_LOC_STRINGS = NO;
				SWIFT_VERSION = 5.0;
				TARGETED_DEVICE_FAMILY = "1,2";
				TEST_HOST = "$(BUILT_PRODUCTS_DIR)/Skylab.app/$(BUNDLE_EXECUTABLE_FOLDER_PATH)/Skylab";
			};
			name = Debug;
		};
		DF75E47029341214005B249E /* Release */ = {
			isa = XCBuildConfiguration;
			buildSettings = {
				ALWAYS_EMBED_SWIFT_STANDARD_LIBRARIES = YES;
				BUNDLE_LOADER = "$(TEST_HOST)";
				CODE_SIGN_STYLE = Automatic;
				CURRENT_PROJECT_VERSION = 1;
				DEVELOPMENT_TEAM = 62VCSAZRF3;
				GENERATE_INFOPLIST_FILE = YES;
				IPHONEOS_DEPLOYMENT_TARGET = 16.0;
				MARKETING_VERSION = 1.0;
				OTHER_LDFLAGS = "";
				OTHER_SWIFT_FLAGS = "-Xcc -fmodule-map-file=\"$GENERATED_MODULEMAP_DIR/FirebaseCore.modulemap\" -Xcc -fmodule-map-file=\"$GENERATED_MODULEMAP_DIR/FirebaseRemoteConfig.modulemap\"";
				PRODUCT_BUNDLE_IDENTIFIER = "skylab-main.SkylabTests";
				PRODUCT_NAME = "$(TARGET_NAME)";
				SWIFT_EMIT_LOC_STRINGS = NO;
				SWIFT_VERSION = 5.0;
				TARGETED_DEVICE_FAMILY = "1,2";
				TEST_HOST = "$(BUILT_PRODUCTS_DIR)/Skylab.app/$(BUNDLE_EXECUTABLE_FOLDER_PATH)/Skylab";
			};
			name = Release;
		};
		DF75E47229341214005B249E /* Debug */ = {
			isa = XCBuildConfiguration;
			buildSettings = {
				ALWAYS_EMBED_SWIFT_STANDARD_LIBRARIES = YES;
				CODE_SIGN_STYLE = Automatic;
				CURRENT_PROJECT_VERSION = 1;
				DEVELOPMENT_TEAM = 62VCSAZRF3;
				GENERATE_INFOPLIST_FILE = YES;
				MARKETING_VERSION = 1.0;
				PRODUCT_BUNDLE_IDENTIFIER = "skylab-main.SkylabUITests";
				PRODUCT_NAME = "$(TARGET_NAME)";
				SWIFT_EMIT_LOC_STRINGS = NO;
				SWIFT_VERSION = 5.0;
				TARGETED_DEVICE_FAMILY = "1,2";
				TEST_TARGET_NAME = Skylab;
			};
			name = Debug;
		};
		DF75E47329341214005B249E /* Release */ = {
			isa = XCBuildConfiguration;
			buildSettings = {
				ALWAYS_EMBED_SWIFT_STANDARD_LIBRARIES = YES;
				CODE_SIGN_STYLE = Automatic;
				CURRENT_PROJECT_VERSION = 1;
				DEVELOPMENT_TEAM = 62VCSAZRF3;
				GENERATE_INFOPLIST_FILE = YES;
				MARKETING_VERSION = 1.0;
				PRODUCT_BUNDLE_IDENTIFIER = "skylab-main.SkylabUITests";
				PRODUCT_NAME = "$(TARGET_NAME)";
				SWIFT_EMIT_LOC_STRINGS = NO;
				SWIFT_VERSION = 5.0;
				TARGETED_DEVICE_FAMILY = "1,2";
				TEST_TARGET_NAME = Skylab;
			};
			name = Release;
		};
		F4881DA029E55E2900F83E44 /* Dev Debug  */ = {
			isa = XCBuildConfiguration;
			baseConfigurationReference = F4881E0E29E588B800F83E44 /* Debug.xcconfig */;
			buildSettings = {
				ALWAYS_SEARCH_USER_PATHS = NO;
				CLANG_ANALYZER_NONNULL = YES;
				CLANG_ANALYZER_NUMBER_OBJECT_CONVERSION = YES_AGGRESSIVE;
				CLANG_CXX_LANGUAGE_STANDARD = "gnu++20";
				CLANG_ENABLE_MODULES = YES;
				CLANG_ENABLE_OBJC_ARC = YES;
				CLANG_ENABLE_OBJC_WEAK = YES;
				CLANG_WARN_BLOCK_CAPTURE_AUTORELEASING = YES;
				CLANG_WARN_BOOL_CONVERSION = YES;
				CLANG_WARN_COMMA = YES;
				CLANG_WARN_CONSTANT_CONVERSION = YES;
				CLANG_WARN_DEPRECATED_OBJC_IMPLEMENTATIONS = YES;
				CLANG_WARN_DIRECT_OBJC_ISA_USAGE = YES_ERROR;
				CLANG_WARN_DOCUMENTATION_COMMENTS = YES;
				CLANG_WARN_EMPTY_BODY = YES;
				CLANG_WARN_ENUM_CONVERSION = YES;
				CLANG_WARN_INFINITE_RECURSION = YES;
				CLANG_WARN_INT_CONVERSION = YES;
				CLANG_WARN_NON_LITERAL_NULL_CONVERSION = YES;
				CLANG_WARN_OBJC_IMPLICIT_RETAIN_SELF = YES;
				CLANG_WARN_OBJC_LITERAL_CONVERSION = YES;
				CLANG_WARN_OBJC_ROOT_CLASS = YES_ERROR;
				CLANG_WARN_QUOTED_INCLUDE_IN_FRAMEWORK_HEADER = YES;
				CLANG_WARN_RANGE_LOOP_ANALYSIS = YES;
				CLANG_WARN_STRICT_PROTOTYPES = YES;
				CLANG_WARN_SUSPICIOUS_MOVE = YES;
				CLANG_WARN_UNGUARDED_AVAILABILITY = YES_AGGRESSIVE;
				CLANG_WARN_UNREACHABLE_CODE = YES;
				CLANG_WARN__DUPLICATE_METHOD_MATCH = YES;
				COPY_PHASE_STRIP = NO;
				DEBUG_INFORMATION_FORMAT = dwarf;
				ENABLE_STRICT_OBJC_MSGSEND = YES;
				ENABLE_TESTABILITY = YES;
				GCC_C_LANGUAGE_STANDARD = gnu11;
				GCC_DYNAMIC_NO_PIC = NO;
				GCC_NO_COMMON_BLOCKS = YES;
				GCC_OPTIMIZATION_LEVEL = 0;
				GCC_PREPROCESSOR_DEFINITIONS = (
					"DEBUG=1",
					"$(inherited)",
				);
				GCC_WARN_64_TO_32_BIT_CONVERSION = YES;
				GCC_WARN_ABOUT_RETURN_TYPE = YES_ERROR;
				GCC_WARN_UNDECLARED_SELECTOR = YES;
				GCC_WARN_UNINITIALIZED_AUTOS = YES_AGGRESSIVE;
				GCC_WARN_UNUSED_FUNCTION = YES;
				GCC_WARN_UNUSED_VARIABLE = YES;
				IPHONEOS_DEPLOYMENT_TARGET = 16.0;
				MTL_ENABLE_DEBUG_INFO = INCLUDE_SOURCE;
				MTL_FAST_MATH = YES;
				ONLY_ACTIVE_ARCH = YES;
				SDKROOT = iphoneos;
				SWIFT_ACTIVE_COMPILATION_CONDITIONS = DEBUG;
				SWIFT_OPTIMIZATION_LEVEL = "-Onone";
			};
			name = "Dev Debug ";
		};
		F4881DA129E55E2900F83E44 /* Dev Debug  */ = {
			isa = XCBuildConfiguration;
			baseConfigurationReference = F4881E0E29E588B800F83E44 /* Debug.xcconfig */;
			buildSettings = {
				APP_NAME = "Debug Skylab";
				ASSETCATALOG_COMPILER_APPICON_NAME = AppIcon;
				ASSETCATALOG_COMPILER_GLOBAL_ACCENT_COLOR_NAME = AccentColor;
				CODE_SIGN_STYLE = Automatic;
				CURRENT_PROJECT_VERSION = 1;
				DEVELOPMENT_TEAM = "";
				GENERATE_INFOPLIST_FILE = YES;
				INFOPLIST_FILE = Skylab/Debug.plist;
				INFOPLIST_KEY_UIApplicationSceneManifest_Generation = NO;
				INFOPLIST_KEY_UIApplicationSupportsIndirectInputEvents = YES;
				INFOPLIST_KEY_UILaunchStoryboardName = LaunchScreen;
				INFOPLIST_KEY_UISupportedInterfaceOrientations = UIInterfaceOrientationPortrait;
				IPHONEOS_DEPLOYMENT_TARGET = 14.0;
				LD_RUNPATH_SEARCH_PATHS = (
					"$(inherited)",
					"@executable_path/Frameworks",
				);
				MARKETING_VERSION = 1.0;
				PRODUCT_BUNDLE_IDENTIFIER = "skylab-main.Skylab-dev";
				PRODUCT_NAME = "$(TARGET_NAME)";
				SWIFT_ACTIVE_COMPILATION_CONDITIONS = "DEBUG DEV";
				SWIFT_EMIT_LOC_STRINGS = YES;
				SWIFT_VERSION = 5.0;
				TARGETED_DEVICE_FAMILY = "1,2";
			};
			name = "Dev Debug ";
		};
		F4881DA229E55E2900F83E44 /* Dev Debug  */ = {
			isa = XCBuildConfiguration;
			buildSettings = {
				ALWAYS_EMBED_SWIFT_STANDARD_LIBRARIES = YES;
				BUNDLE_LOADER = "$(TEST_HOST)";
				CODE_SIGN_STYLE = Automatic;
				CURRENT_PROJECT_VERSION = 1;
				DEVELOPMENT_TEAM = 62VCSAZRF3;
				GENERATE_INFOPLIST_FILE = YES;
				IPHONEOS_DEPLOYMENT_TARGET = 16.0;
				MARKETING_VERSION = 1.0;
				OTHER_LDFLAGS = "";
				OTHER_SWIFT_FLAGS = "-Xcc -fmodule-map-file=\"$GENERATED_MODULEMAP_DIR/FirebaseCore.modulemap\" -Xcc -fmodule-map-file=\"$GENERATED_MODULEMAP_DIR/FirebaseRemoteConfig.modulemap\"";
				PRODUCT_BUNDLE_IDENTIFIER = "skylab-main.SkylabTests";
				PRODUCT_NAME = "$(TARGET_NAME)";
				SWIFT_EMIT_LOC_STRINGS = NO;
				SWIFT_VERSION = 5.0;
				TARGETED_DEVICE_FAMILY = "1,2";
				TEST_HOST = "$(BUILT_PRODUCTS_DIR)/Skylab.app/$(BUNDLE_EXECUTABLE_FOLDER_PATH)/Skylab";
			};
			name = "Dev Debug ";
		};
		F4881DA329E55E2900F83E44 /* Dev Debug  */ = {
			isa = XCBuildConfiguration;
			buildSettings = {
				ALWAYS_EMBED_SWIFT_STANDARD_LIBRARIES = YES;
				CODE_SIGN_STYLE = Automatic;
				CURRENT_PROJECT_VERSION = 1;
				DEVELOPMENT_TEAM = 62VCSAZRF3;
				GENERATE_INFOPLIST_FILE = YES;
				MARKETING_VERSION = 1.0;
				PRODUCT_BUNDLE_IDENTIFIER = "skylab-main.SkylabUITests";
				PRODUCT_NAME = "$(TARGET_NAME)";
				SWIFT_EMIT_LOC_STRINGS = NO;
				SWIFT_VERSION = 5.0;
				TARGETED_DEVICE_FAMILY = "1,2";
				TEST_TARGET_NAME = Skylab;
			};
			name = "Dev Debug ";
		};
/* End XCBuildConfiguration section */

/* Begin XCConfigurationList section */
		DF75E43C29341212005B249E /* Build configuration list for PBXProject "Skylab" */ = {
			isa = XCConfigurationList;
			buildConfigurations = (
				DF75E46929341214005B249E /* Debug */,
				F4881DA029E55E2900F83E44 /* Dev Debug  */,
				DF75E46A29341214005B249E /* Release */,
			);
			defaultConfigurationIsVisible = 0;
			defaultConfigurationName = Release;
		};
		DF75E46B29341214005B249E /* Build configuration list for PBXNativeTarget "Skylab" */ = {
			isa = XCConfigurationList;
			buildConfigurations = (
				DF75E46C29341214005B249E /* Debug */,
				F4881DA129E55E2900F83E44 /* Dev Debug  */,
				DF75E46D29341214005B249E /* Release */,
			);
			defaultConfigurationIsVisible = 0;
			defaultConfigurationName = Release;
		};
		DF75E46E29341214005B249E /* Build configuration list for PBXNativeTarget "SkylabTests" */ = {
			isa = XCConfigurationList;
			buildConfigurations = (
				DF75E46F29341214005B249E /* Debug */,
				F4881DA229E55E2900F83E44 /* Dev Debug  */,
				DF75E47029341214005B249E /* Release */,
			);
			defaultConfigurationIsVisible = 0;
			defaultConfigurationName = Release;
		};
		DF75E47129341214005B249E /* Build configuration list for PBXNativeTarget "SkylabUITests" */ = {
			isa = XCConfigurationList;
			buildConfigurations = (
				DF75E47229341214005B249E /* Debug */,
				F4881DA329E55E2900F83E44 /* Dev Debug  */,
				DF75E47329341214005B249E /* Release */,
			);
			defaultConfigurationIsVisible = 0;
			defaultConfigurationName = Release;
		};
/* End XCConfigurationList section */

/* Begin XCRemoteSwiftPackageReference section */
		08697115298430B600E4CA00 /* XCRemoteSwiftPackageReference "RxSwift" */ = {
			isa = XCRemoteSwiftPackageReference;
			repositoryURL = "https://github.com/ReactiveX/RxSwift";
			requirement = {
				kind = exactVersion;
				version = 6.5.0;
			};
		};
		152E04D0298474EC00ABCEA2 /* XCRemoteSwiftPackageReference "Swinject" */ = {
			isa = XCRemoteSwiftPackageReference;
			repositoryURL = "https://github.com/Swinject/Swinject.git";
			requirement = {
				branch = master;
				kind = branch;
			};
		};
		6E9A2D5C29CBAC1500D1E78B /* XCRemoteSwiftPackageReference "firebase-ios-sdk" */ = {
			isa = XCRemoteSwiftPackageReference;
			repositoryURL = "https://github.com/firebase/firebase-ios-sdk";
			requirement = {
				kind = upToNextMajorVersion;
				minimumVersion = 9.0.0;
			};
		};
		DF0C6D20297D85E300DE84AB /* XCRemoteSwiftPackageReference "Alamofire" */ = {
			isa = XCRemoteSwiftPackageReference;
			repositoryURL = "https://github.com/Alamofire/Alamofire.git";
			requirement = {
				kind = exactVersion;
				version = 5.6.4;
			};
		};
/* End XCRemoteSwiftPackageReference section */

/* Begin XCSwiftPackageProductDependency section */
		08697116298430B600E4CA00 /* RxCocoa */ = {
			isa = XCSwiftPackageProductDependency;
			package = 08697115298430B600E4CA00 /* XCRemoteSwiftPackageReference "RxSwift" */;
			productName = RxCocoa;
		};
		08697118298430B600E4CA00 /* RxRelay */ = {
			isa = XCSwiftPackageProductDependency;
			package = 08697115298430B600E4CA00 /* XCRemoteSwiftPackageReference "RxSwift" */;
			productName = RxRelay;
		};
		0869711A298430B600E4CA00 /* RxSwift */ = {
			isa = XCSwiftPackageProductDependency;
			package = 08697115298430B600E4CA00 /* XCRemoteSwiftPackageReference "RxSwift" */;
			productName = RxSwift;
		};
		0869711F2986D8E200E4CA00 /* RxCocoa */ = {
			isa = XCSwiftPackageProductDependency;
			package = 08697115298430B600E4CA00 /* XCRemoteSwiftPackageReference "RxSwift" */;
			productName = RxCocoa;
		};
		152E04D1298474EC00ABCEA2 /* Swinject */ = {
			isa = XCSwiftPackageProductDependency;
			package = 152E04D0298474EC00ABCEA2 /* XCRemoteSwiftPackageReference "Swinject" */;
			productName = Swinject;
		};
		6E9A2D5D29CBAC1500D1E78B /* FirebaseRemoteConfig */ = {
			isa = XCSwiftPackageProductDependency;
			package = 6E9A2D5C29CBAC1500D1E78B /* XCRemoteSwiftPackageReference "firebase-ios-sdk" */;
			productName = FirebaseRemoteConfig;
		};
		DF0C6D21297D85E300DE84AB /* Alamofire */ = {
			isa = XCSwiftPackageProductDependency;
			package = DF0C6D20297D85E300DE84AB /* XCRemoteSwiftPackageReference "Alamofire" */;
			productName = Alamofire;
		};
/* End XCSwiftPackageProductDependency section */
	};
	rootObject = DF75E43929341212005B249E /* Project object */;
}
